
Microsoft Visual Studio Solution File, Format Version 12.00
# Visual Studio Version 17
VisualStudioVersion = 17.0.31903.59
MinimumVisualStudioVersion = 10.0.40219.1
Project("{2150E333-8FDC-42A3-9474-1A3956D46DE8}") = "src", "src", "{827E0CD3-B72D-47B6-A68D-7590B98EB39B}"
EndProject
Project("{2150E333-8FDC-42A3-9474-1A3956D46DE8}") = "Gateway", "Gateway", "{6306A8FB-679E-111F-6585-8F70E0EE6013}"
EndProject
Project("{FAE04EC0-301F-11D3-BF4B-00C04F79EFBC}") = "3commerce.Gateway", "src\Gateway\3commerce.Gateway.csproj", "{60DCA510-7777-476A-B609-BCEC8C42E029}"
EndProject
Project("{2150E333-8FDC-42A3-9474-1A3956D46DE8}") = "tests", "tests", "{0AB3BF05-4346-4AA6-1389-037BE0695223}"
EndProject
Project("{FAE04EC0-301F-11D3-BF4B-00C04F79EFBC}") = "3commerce.IntegrationTests", "tests\3commerce.IntegrationTests\3commerce.IntegrationTests.csproj", "{02586A09-53D7-4E9F-AE58-BAA8DF6B1EB8}"
EndProject
Project("{2150E333-8FDC-42A3-9474-1A3956D46DE8}") = "BuildingBlocks", "BuildingBlocks", "{90298CBA-BD6F-3A0A-69D5-97CAD7B05E7E}"
EndProject
Project("{2150E333-8FDC-42A3-9474-1A3956D46DE8}") = "Contracts", "Contracts", "{6A36946C-4F06-BE70-24E6-0B0F125A7F9F}"
EndProject
Project("{FAE04EC0-301F-11D3-BF4B-00C04F79EFBC}") = "3commerce.BuildingBlocks.Contracts", "src\BuildingBlocks\Contracts\3commerce.BuildingBlocks.Contracts.csproj", "{4417E037-F7AF-444B-8C4D-85D9BF320ECF}"
EndProject
Project("{2150E333-8FDC-42A3-9474-1A3956D46DE8}") = "Infrastructure", "Infrastructure", "{A7446B4C-3630-9B3B-F288-1F78CD1B2B87}"
EndProject
Project("{FAE04EC0-301F-11D3-BF4B-00C04F79EFBC}") = "3commerce.BuildingBlocks.Infrastructure", "src\BuildingBlocks\Infrastructure\3commerce.BuildingBlocks.Infrastructure.csproj", "{E5486A8C-7AFD-4049-A1EA-0EBFD18500DD}"
EndProject
Project("{2150E333-8FDC-42A3-9474-1A3956D46DE8}") = "Workers", "Workers", "{FE5F7021-A3C9-35C7-FF50-8DA81625868E}"
EndProject
Project("{2150E333-8FDC-42A3-9474-1A3956D46DE8}") = "Notifications", "Notifications", "{BC621943-499F-DCA9-C920-031DEEC1DB99}"
EndProject
Project("{FAE04EC0-301F-11D3-BF4B-00C04F79EFBC}") = "3commerce.Workers.Notifications", "src\Workers\Notifications\3commerce.Workers.Notifications.csproj", "{BC1E83B3-1B01-4FA2-8D49-8C4F5AAC8DA6}"
EndProject
Project("{2150E333-8FDC-42A3-9474-1A3956D46DE8}") = "Services", "Services", "{984BB9B3-3FA3-BE33-9484-CAC21695A33C}"
EndProject
Project("{2150E333-8FDC-42A3-9474-1A3956D46DE8}") = "Payments", "Payments", "{5D0AC027-C8EE-3244-A029-36278C99F1B8}"
EndProject
Project("{2150E333-8FDC-42A3-9474-1A3956D46DE8}") = "tests", "tests", "{F89364DE-0FA5-77E9-4D1B-9322DFCA9B79}"
EndProject
Project("{FAE04EC0-301F-11D3-BF4B-00C04F79EFBC}") = "3commerce.Payments.Tests", "src\Services\Payments\tests\3commerce.Payments.Tests.csproj", "{0D15676F-D8B2-497F-B986-5D0EF8A2CBD8}"
EndProject
Project("{2150E333-8FDC-42A3-9474-1A3956D46DE8}") = "Api", "Api", "{82BEEF70-31B6-4441-2319-CB58A50520B0}"
EndProject
Project("{FAE04EC0-301F-11D3-BF4B-00C04F79EFBC}") = "3commerce.Payments.Api", "src\Services\Payments\Api\3commerce.Payments.Api.csproj", "{70602C55-2799-4747-B333-1801794C7CDF}"
EndProject
Project("{2150E333-8FDC-42A3-9474-1A3956D46DE8}") = "Infrastructure", "Infrastructure", "{EBFE1689-20F9-E882-5617-95BFAA243175}"
EndProject
Project("{FAE04EC0-301F-11D3-BF4B-00C04F79EFBC}") = "3commerce.Payments.Infrastructure", "src\Services\Payments\Infrastructure\3commerce.Payments.Infrastructure.csproj", "{6FEF6C0B-D364-4DA5-9135-ACE2825C555F}"
EndProject
Project("{2150E333-8FDC-42A3-9474-1A3956D46DE8}") = "Domain", "Domain", "{8F173CA6-8118-6941-6F9F-F84BAA22F68C}"
EndProject
Project("{FAE04EC0-301F-11D3-BF4B-00C04F79EFBC}") = "3commerce.Payments.Domain", "src\Services\Payments\Domain\3commerce.Payments.Domain.csproj", "{652CD49F-BB89-4C46-864C-6B421BAC3532}"
EndProject
Project("{2150E333-8FDC-42A3-9474-1A3956D46DE8}") = "Identity", "Identity", "{1BFC9479-12BF-35C3-06B8-42D89D95092B}"
EndProject
Project("{2150E333-8FDC-42A3-9474-1A3956D46DE8}") = "tests", "tests", "{D684364B-7378-6B54-42D8-7540C883410F}"
EndProject
Project("{FAE04EC0-301F-11D3-BF4B-00C04F79EFBC}") = "3commerce.Identity.Tests", "src\Services\Identity\tests\3commerce.Identity.Tests.csproj", "{D5F8E9A9-2251-40FD-9E0F-D26D3810000E}"
EndProject
Project("{2150E333-8FDC-42A3-9474-1A3956D46DE8}") = "Api", "Api", "{D83CE929-A7DD-3FAB-BDB5-398CFF356717}"
EndProject
Project("{FAE04EC0-301F-11D3-BF4B-00C04F79EFBC}") = "3commerce.Identity.Api", "src\Services\Identity\Api\3commerce.Identity.Api.csproj", "{8AD889D9-D176-4D86-96FE-831499B9AC42}"
EndProject
Project("{2150E333-8FDC-42A3-9474-1A3956D46DE8}") = "Infrastructure", "Infrastructure", "{4461741E-58B8-0DEB-82DE-AECBEEE2F40F}"
EndProject
Project("{FAE04EC0-301F-11D3-BF4B-00C04F79EFBC}") = "3commerce.Identity.Infrastructure", "src\Services\Identity\Infrastructure\3commerce.Identity.Infrastructure.csproj", "{08EDF24C-784B-46F8-B528-4AD45CEB6225}"
EndProject
Project("{2150E333-8FDC-42A3-9474-1A3956D46DE8}") = "Domain", "Domain", "{C591615F-7156-BEF8-CD8C-A10C590AB593}"
EndProject
Project("{FAE04EC0-301F-11D3-BF4B-00C04F79EFBC}") = "3commerce.Identity.Domain", "src\Services\Identity\Domain\3commerce.Identity.Domain.csproj", "{A4722B7D-D714-49E8-89F2-89B09DAEE19E}"
EndProject
Project("{2150E333-8FDC-42A3-9474-1A3956D46DE8}") = "Catalog", "Catalog", "{C91C1CF1-1625-0789-F869-53D87D6277BA}"
EndProject
Project("{2150E333-8FDC-42A3-9474-1A3956D46DE8}") = "tests", "tests", "{583F9C51-22B8-59F5-4A60-045B52DD079E}"
EndProject
Project("{FAE04EC0-301F-11D3-BF4B-00C04F79EFBC}") = "3commerce.Catalog.Tests", "src\Services\Catalog\tests\3commerce.Catalog.Tests.csproj", "{00260DE1-615D-417A-B858-AD2011ABA029}"
EndProject
Project("{2150E333-8FDC-42A3-9474-1A3956D46DE8}") = "Api", "Api", "{BF5A1016-ABC2-D2A3-BFAF-5FF6EA802379}"
EndProject
Project("{FAE04EC0-301F-11D3-BF4B-00C04F79EFBC}") = "3commerce.Catalog.Api", "src\Services\Catalog\Api\3commerce.Catalog.Api.csproj", "{8BDB30B0-A8A1-40F1-8282-34CC203B127C}"
EndProject
Project("{2150E333-8FDC-42A3-9474-1A3956D46DE8}") = "Infrastructure", "Infrastructure", "{6D1EC732-A1A3-C21E-B338-929C5E6D2DAD}"
EndProject
Project("{FAE04EC0-301F-11D3-BF4B-00C04F79EFBC}") = "3commerce.Catalog.Infrastructure", "src\Services\Catalog\Infrastructure\3commerce.Catalog.Infrastructure.csproj", "{3A985B17-D342-45C4-AAA6-FA0479E12E92}"
EndProject
Project("{2150E333-8FDC-42A3-9474-1A3956D46DE8}") = "Domain", "Domain", "{184AFDE9-546E-C3E2-DE43-F0DBE0CAA80E}"
EndProject
Project("{FAE04EC0-301F-11D3-BF4B-00C04F79EFBC}") = "3commerce.Catalog.Domain", "src\Services\Catalog\Domain\3commerce.Catalog.Domain.csproj", "{43D19BDF-49BA-4A5F-8F4A-E09453C3E3B3}"
EndProject
Project("{2150E333-8FDC-42A3-9474-1A3956D46DE8}") = "Fulfillment", "Fulfillment", "{0194355B-C2D2-F4B0-B2EC-67C0A47B9BA5}"
EndProject
Project("{2150E333-8FDC-42A3-9474-1A3956D46DE8}") = "tests", "tests", "{46EE0E95-A468-5DF2-9381-789F5794BB46}"
EndProject
Project("{FAE04EC0-301F-11D3-BF4B-00C04F79EFBC}") = "3commerce.Fulfillment.Tests", "src\Services\Fulfillment\tests\3commerce.Fulfillment.Tests.csproj", "{E1291AB1-3A8C-4E3F-AEC4-4B74897B2EDB}"
EndProject
Project("{2150E333-8FDC-42A3-9474-1A3956D46DE8}") = "Api", "Api", "{3E4CE812-5E2F-E55F-BC1D-6CAB83BB64D6}"
EndProject
Project("{FAE04EC0-301F-11D3-BF4B-00C04F79EFBC}") = "3commerce.Fulfillment.Api", "src\Services\Fulfillment\Api\3commerce.Fulfillment.Api.csproj", "{0915E28E-F1D9-4B8E-BF7F-025AF8028C81}"
EndProject
Project("{2150E333-8FDC-42A3-9474-1A3956D46DE8}") = "Infrastructure", "Infrastructure", "{C754538D-B69B-B05B-8D8C-BF86AE94ABEA}"
EndProject
Project("{FAE04EC0-301F-11D3-BF4B-00C04F79EFBC}") = "3commerce.Fulfillment.Infrastructure", "src\Services\Fulfillment\Infrastructure\3commerce.Fulfillment.Infrastructure.csproj", "{7E770701-55F6-448E-8081-8BC4CE09CF8D}"
EndProject
Project("{2150E333-8FDC-42A3-9474-1A3956D46DE8}") = "Domain", "Domain", "{1ED16CAF-E843-D8B0-88C9-8CA728009948}"
EndProject
Project("{FAE04EC0-301F-11D3-BF4B-00C04F79EFBC}") = "3commerce.Fulfillment.Domain", "src\Services\Fulfillment\Domain\3commerce.Fulfillment.Domain.csproj", "{760DC06F-1ADA-4A63-B02E-0FDAAED07573}"
EndProject
Project("{2150E333-8FDC-42A3-9474-1A3956D46DE8}") = "Support", "Support", "{F1BAE7BC-C819-1AEF-AB0B-2CF27A1DF674}"
EndProject
Project("{2150E333-8FDC-42A3-9474-1A3956D46DE8}") = "tests", "tests", "{6DB8E74F-0079-CAB7-CC32-52E2313D1CCB}"
EndProject
Project("{FAE04EC0-301F-11D3-BF4B-00C04F79EFBC}") = "3commerce.Support.Tests", "src\Services\Support\tests\3commerce.Support.Tests.csproj", "{4C0DAB08-0F5E-40BA-9410-7A58DDC2BE2D}"
EndProject
Project("{2150E333-8FDC-42A3-9474-1A3956D46DE8}") = "Api", "Api", "{DE2E5FE5-6069-ED75-631A-C3FFDC607460}"
EndProject
Project("{FAE04EC0-301F-11D3-BF4B-00C04F79EFBC}") = "3commerce.Support.Api", "src\Services\Support\Api\3commerce.Support.Api.csproj", "{DBA77D53-19BC-46B0-B9C2-44A11530E159}"
EndProject
Project("{2150E333-8FDC-42A3-9474-1A3956D46DE8}") = "Infrastructure", "Infrastructure", "{22154B54-FEC3-A439-3260-74B4FD3F5D81}"
EndProject
Project("{FAE04EC0-301F-11D3-BF4B-00C04F79EFBC}") = "3commerce.Support.Infrastructure", "src\Services\Support\Infrastructure\3commerce.Support.Infrastructure.csproj", "{1324BBED-5530-4084-9B08-8075E3CF3988}"
EndProject
Project("{2150E333-8FDC-42A3-9474-1A3956D46DE8}") = "Domain", "Domain", "{CF950183-64F4-9CC7-9B78-2BE40D514519}"
EndProject
Project("{FAE04EC0-301F-11D3-BF4B-00C04F79EFBC}") = "3commerce.Support.Domain", "src\Services\Support\Domain\3commerce.Support.Domain.csproj", "{910644A5-8A33-4E5F-9955-9259394A0574}"
EndProject
Project("{2150E333-8FDC-42A3-9474-1A3956D46DE8}") = "Ordering", "Ordering", "{D3BAB01C-7F3F-8576-96BE-8BE70C9B9915}"
EndProject
Project("{2150E333-8FDC-42A3-9474-1A3956D46DE8}") = "tests", "tests", "{E80921A1-61BA-357D-5A33-97B6585B306B}"
EndProject
Project("{FAE04EC0-301F-11D3-BF4B-00C04F79EFBC}") = "3commerce.Ordering.Tests", "src\Services\Ordering\tests\3commerce.Ordering.Tests.csproj", "{3D849EA5-E286-4E74-85BF-63B03365ED44}"
EndProject
Project("{2150E333-8FDC-42A3-9474-1A3956D46DE8}") = "Api", "Api", "{FFFC64AD-AE35-1DBE-CFB0-24F91D0538C1}"
EndProject
Project("{FAE04EC0-301F-11D3-BF4B-00C04F79EFBC}") = "3commerce.Ordering.Api", "src\Services\Ordering\Api\3commerce.Ordering.Api.csproj", "{A4590EBB-2DAE-45C8-9E28-125A84F6CFB0}"
EndProject
Project("{2150E333-8FDC-42A3-9474-1A3956D46DE8}") = "Infrastructure", "Infrastructure", "{79AA122C-C375-2C33-D1EF-908AD48FE00B}"
EndProject
Project("{FAE04EC0-301F-11D3-BF4B-00C04F79EFBC}") = "3commerce.Ordering.Infrastructure", "src\Services\Ordering\Infrastructure\3commerce.Ordering.Infrastructure.csproj", "{0AA35A00-874C-4CE1-A34A-CD24DD3C7C83}"
EndProject
Project("{2150E333-8FDC-42A3-9474-1A3956D46DE8}") = "Domain", "Domain", "{20E77641-7244-5A92-CE85-6DFAB8CFAA7F}"
EndProject
Project("{FAE04EC0-301F-11D3-BF4B-00C04F79EFBC}") = "3commerce.Ordering.Domain", "src\Services\Ordering\Domain\3commerce.Ordering.Domain.csproj", "{5D47A66E-D9EB-4E8F-9301-212B79853FDA}"
EndProject
Project("{2150E333-8FDC-42A3-9474-1A3956D46DE8}") = "Admin", "Admin", "{9787BF88-EEEB-1624-8357-14EC64727FE2}"
EndProject
Project("{FAE04EC0-301F-11D3-BF4B-00C04F79EFBC}") = "3commerce.Admin", "src\Admin\3commerce.Admin.csproj", "{7CE9C528-A119-4A93-9F1C-015C959E3623}"
EndProject
Project("{2150E333-8FDC-42A3-9474-1A3956D46DE8}") = "Cli", "Cli", "{778427DF-EB2C-5228-964E-6D535DE253CA}"
EndProject
Project("{FAE04EC0-301F-11D3-BF4B-00C04F79EFBC}") = "3commerce.Cli", "src\Cli\3commerce.Cli\3commerce.Cli.csproj", "{AB47AD4C-E1ED-4628-BE84-58FB1A268138}"
EndProject
Project("{2150E333-8FDC-42A3-9474-1A3956D46DE8}") = "Entity", "Entity", "{50F6C95A-59EF-A6FC-E696-D42D1AC47E06}"
EndProject
Project("{2150E333-8FDC-42A3-9474-1A3956D46DE8}") = "Domain", "Domain", "{2A67BD6F-9E5D-6DE6-8AD0-829853A0D63D}"
EndProject
Project("{FAE04EC0-301F-11D3-BF4B-00C04F79EFBC}") = "3commerce.Entity.Domain", "src\Services\Entity\Domain\3commerce.Entity.Domain.csproj", "{FADAC5C0-70C6-41E2-842C-7CCBB5BF0D02}"
EndProject
Project("{2150E333-8FDC-42A3-9474-1A3956D46DE8}") = "Infrastructure", "Infrastructure", "{F8765A69-624C-7604-213A-6713ABBDF9A2}"
EndProject
Project("{FAE04EC0-301F-11D3-BF4B-00C04F79EFBC}") = "3commerce.Entity.Infrastructure", "src\Services\Entity\Infrastructure\3commerce.Entity.Infrastructure.csproj", "{0D9B15B4-9CBD-445D-8801-D33F1ABCF631}"
EndProject
Project("{2150E333-8FDC-42A3-9474-1A3956D46DE8}") = "Api", "Api", "{B7E01652-F4A1-A361-2DE9-8E79C5B1CE4B}"
EndProject
Project("{FAE04EC0-301F-11D3-BF4B-00C04F79EFBC}") = "3commerce.Entity.Api", "src\Services\Entity\Api\3commerce.Entity.Api.csproj", "{3A6152E4-2665-4C75-B1F1-77022E76714E}"
EndProject
Project("{2150E333-8FDC-42A3-9474-1A3956D46DE8}") = "tests", "tests", "{B5455800-0582-D81A-7391-67D1E7952494}"
EndProject
Project("{FAE04EC0-301F-11D3-BF4B-00C04F79EFBC}") = "3commerce.Entity.Tests", "src\Services\Entity\tests\3commerce.Entity.Tests.csproj", "{3043EBF8-A673-4E1E-AEF5-9F5DF69403E5}"
EndProject
Project("{2150E333-8FDC-42A3-9474-1A3956D46DE8}") = "SupplierPortal", "SupplierPortal", "{D43F0B80-E7AE-DC60-2BD2-4721592D9EBE}"
EndProject
Project("{FAE04EC0-301F-11D3-BF4B-00C04F79EFBC}") = "3commerce.SupplierPortal", "src\SupplierPortal\3commerce.SupplierPortal.csproj", "{D6447E2B-04D0-4106-ADFC-641819678BC7}"
EndProject
Project("{2150E333-8FDC-42A3-9474-1A3956D46DE8}") = "Marketing", "Marketing", "{9E6C1F83-4A47-F979-1190-DDAB46FA7598}"
EndProject
Project("{2150E333-8FDC-42A3-9474-1A3956D46DE8}") = "Domain", "Domain", "{97557A36-5625-31CE-EA2F-C0748AE807BE}"
EndProject
Project("{FAE04EC0-301F-11D3-BF4B-00C04F79EFBC}") = "3commerce.Marketing.Domain", "src\Services\Marketing\Domain\3commerce.Marketing.Domain.csproj", "{AB78AFC8-CD25-4CC3-94DB-FA8FD3DBBC2F}"
EndProject
Project("{2150E333-8FDC-42A3-9474-1A3956D46DE8}") = "tests", "tests", "{907B80F3-749C-BCE4-0817-766BF4A97374}"
EndProject
Project("{FAE04EC0-301F-11D3-BF4B-00C04F79EFBC}") = "3commerce.Marketing.Tests", "src\Services\Marketing\tests\3commerce.Marketing.Tests.csproj", "{29FAF389-E25D-4018-B675-57FD05E62B1A}"
EndProject
Project("{2150E333-8FDC-42A3-9474-1A3956D46DE8}") = "Infrastructure", "Infrastructure", "{C6103462-E8E4-AF52-89C9-A2155833123D}"
EndProject
Project("{FAE04EC0-301F-11D3-BF4B-00C04F79EFBC}") = "3commerce.Marketing.Infrastructure", "src\Services\Marketing\Infrastructure\3commerce.Marketing.Infrastructure.csproj", "{4F321F2B-E222-43A4-97BD-8B852EC9A036}"
EndProject
Project("{2150E333-8FDC-42A3-9474-1A3956D46DE8}") = "Api", "Api", "{4A527F3D-983C-9D91-84AB-9B41D1D45934}"
EndProject
Project("{FAE04EC0-301F-11D3-BF4B-00C04F79EFBC}") = "3commerce.Marketing.Api", "src\Services\Marketing\Api\3commerce.Marketing.Api.csproj", "{AA3E093D-9A5B-46DB-925F-B97089E827EF}"
EndProject
Project("{2150E333-8FDC-42A3-9474-1A3956D46DE8}") = "Pricing", "Pricing", "{629250A2-4DA8-8A63-B4B9-ABC581507B44}"
EndProject
Project("{2150E333-8FDC-42A3-9474-1A3956D46DE8}") = "Domain", "Domain", "{55D153D8-E7F8-6814-B892-3758F7F51162}"
EndProject
Project("{FAE04EC0-301F-11D3-BF4B-00C04F79EFBC}") = "3commerce.Pricing.Domain", "src\Services\Pricing\Domain\3commerce.Pricing.Domain.csproj", "{18413C7D-A03F-488F-A9C3-CC4D298E8C7C}"
EndProject
Project("{2150E333-8FDC-42A3-9474-1A3956D46DE8}") = "Infrastructure", "Infrastructure", "{58965C0C-993A-EE45-E714-DF9E85BC7914}"
EndProject
Project("{FAE04EC0-301F-11D3-BF4B-00C04F79EFBC}") = "3commerce.Pricing.Infrastructure", "src\Services\Pricing\Infrastructure\3commerce.Pricing.Infrastructure.csproj", "{B231045D-D672-4334-8CDF-3943DD60654C}"
EndProject
Project("{2150E333-8FDC-42A3-9474-1A3956D46DE8}") = "Api", "Api", "{3FADC15C-D89E-B921-2B60-635DABAE2668}"
EndProject
Project("{FAE04EC0-301F-11D3-BF4B-00C04F79EFBC}") = "3commerce.Pricing.Api", "src\Services\Pricing\Api\3commerce.Pricing.Api.csproj", "{70082772-FA36-44EA-96AC-8989E4F82D4E}"
EndProject
Project("{2150E333-8FDC-42A3-9474-1A3956D46DE8}") = "tests", "tests", "{FF6650B5-30D0-1EA4-2AEA-7EBA1134362C}"
EndProject
Project("{FAE04EC0-301F-11D3-BF4B-00C04F79EFBC}") = "3commerce.Pricing.Tests", "src\Services\Pricing\tests\3commerce.Pricing.Tests.csproj", "{44A7D68F-5371-4923-9FF9-2A238532A046}"
EndProject
Project("{2150E333-8FDC-42A3-9474-1A3956D46DE8}") = "Audit", "Audit", "{92F42DAB-CD95-DEFE-A96E-37B7027D6435}"
EndProject
Project("{2150E333-8FDC-42A3-9474-1A3956D46DE8}") = "Domain", "Domain", "{BDFEEA0A-C293-3518-FE77-8A2554E6467D}"
EndProject
Project("{FAE04EC0-301F-11D3-BF4B-00C04F79EFBC}") = "3commerce.Audit.Domain", "src\Services\Audit\Domain\3commerce.Audit.Domain.csproj", "{D00711E7-48B2-4E85-91C5-EEC99C9FEB6B}"
EndProject
Project("{2150E333-8FDC-42A3-9474-1A3956D46DE8}") = "Infrastructure", "Infrastructure", "{C1FA02B0-258B-5349-5582-89CF77091508}"
EndProject
Project("{FAE04EC0-301F-11D3-BF4B-00C04F79EFBC}") = "3commerce.Audit.Infrastructure", "src\Services\Audit\Infrastructure\3commerce.Audit.Infrastructure.csproj", "{CD66955B-7185-4278-88DD-BA876662AC58}"
EndProject
Project("{2150E333-8FDC-42A3-9474-1A3956D46DE8}") = "Api", "Api", "{7C9777F9-698F-4EFC-E8FD-C652B4FFC4A5}"
EndProject
Project("{FAE04EC0-301F-11D3-BF4B-00C04F79EFBC}") = "3commerce.Audit.Api", "src\Services\Audit\Api\3commerce.Audit.Api.csproj", "{B7AAF2C0-D865-4B49-ABFD-CB6120487F2D}"
EndProject
Project("{2150E333-8FDC-42A3-9474-1A3956D46DE8}") = "tests", "tests", "{F9D45AE0-0B32-0FD4-061D-CB632840D4E4}"
EndProject
Project("{FAE04EC0-301F-11D3-BF4B-00C04F79EFBC}") = "3commerce.Audit.Tests", "src\Services\Audit\tests\3commerce.Audit.Tests.csproj", "{870F877B-EB1C-498A-909B-CF83C15EB9DD}"
EndProject
Project("{2150E333-8FDC-42A3-9474-1A3956D46DE8}") = "Workflow", "Workflow", "{A4401965-5809-5141-2D9E-29A141B8CC83}"
EndProject
Project("{2150E333-8FDC-42A3-9474-1A3956D46DE8}") = "Domain", "Domain", "{065B88EF-B5E8-173D-01EE-2809D057658C}"
EndProject
Project("{FAE04EC0-301F-11D3-BF4B-00C04F79EFBC}") = "3commerce.Workflow.Domain", "src\Services\Workflow\Domain\3commerce.Workflow.Domain.csproj", "{ED39ABEE-0686-402A-AAD9-626637E97F83}"
EndProject
Project("{2150E333-8FDC-42A3-9474-1A3956D46DE8}") = "Infrastructure", "Infrastructure", "{1F1C1E5C-5998-6373-8A5B-772058E937CD}"
EndProject
Project("{FAE04EC0-301F-11D3-BF4B-00C04F79EFBC}") = "3commerce.Workflow.Infrastructure", "src\Services\Workflow\Infrastructure\3commerce.Workflow.Infrastructure.csproj", "{F85BDFCC-A352-458A-93BE-E7B0B28E92FE}"
EndProject
Project("{2150E333-8FDC-42A3-9474-1A3956D46DE8}") = "Api", "Api", "{8048097A-0F4F-C58D-4081-4D2BBB2ACF36}"
EndProject
Project("{FAE04EC0-301F-11D3-BF4B-00C04F79EFBC}") = "3commerce.Workflow.Api", "src\Services\Workflow\Api\3commerce.Workflow.Api.csproj", "{9CBEFB17-DEFA-4646-9B4B-AFA07B50ACB1}"
EndProject
Project("{2150E333-8FDC-42A3-9474-1A3956D46DE8}") = "tests", "tests", "{750D5402-8EAA-2223-9AD7-01C5CB8DA5E3}"
EndProject
Project("{FAE04EC0-301F-11D3-BF4B-00C04F79EFBC}") = "3commerce.Workflow.Tests", "src\Services\Workflow\tests\3commerce.Workflow.Tests.csproj", "{38E3DC2D-8747-4965-A919-15A1F84070AF}"
EndProject
Global
	GlobalSection(SolutionConfigurationPlatforms) = preSolution
		Debug|Any CPU = Debug|Any CPU
		Debug|x64 = Debug|x64
		Debug|x86 = Debug|x86
		Release|Any CPU = Release|Any CPU
		Release|x64 = Release|x64
		Release|x86 = Release|x86
	EndGlobalSection
	GlobalSection(ProjectConfigurationPlatforms) = postSolution
		{60DCA510-7777-476A-B609-BCEC8C42E029}.Debug|Any CPU.ActiveCfg = Debug|Any CPU
		{60DCA510-7777-476A-B609-BCEC8C42E029}.Debug|Any CPU.Build.0 = Debug|Any CPU
		{60DCA510-7777-476A-B609-BCEC8C42E029}.Debug|x64.ActiveCfg = Debug|Any CPU
		{60DCA510-7777-476A-B609-BCEC8C42E029}.Debug|x64.Build.0 = Debug|Any CPU
		{60DCA510-7777-476A-B609-BCEC8C42E029}.Debug|x86.ActiveCfg = Debug|Any CPU
		{60DCA510-7777-476A-B609-BCEC8C42E029}.Debug|x86.Build.0 = Debug|Any CPU
		{60DCA510-7777-476A-B609-BCEC8C42E029}.Release|Any CPU.ActiveCfg = Release|Any CPU
		{60DCA510-7777-476A-B609-BCEC8C42E029}.Release|Any CPU.Build.0 = Release|Any CPU
		{60DCA510-7777-476A-B609-BCEC8C42E029}.Release|x64.ActiveCfg = Release|Any CPU
		{60DCA510-7777-476A-B609-BCEC8C42E029}.Release|x64.Build.0 = Release|Any CPU
		{60DCA510-7777-476A-B609-BCEC8C42E029}.Release|x86.ActiveCfg = Release|Any CPU
		{60DCA510-7777-476A-B609-BCEC8C42E029}.Release|x86.Build.0 = Release|Any CPU
		{02586A09-53D7-4E9F-AE58-BAA8DF6B1EB8}.Debug|Any CPU.ActiveCfg = Debug|Any CPU
		{02586A09-53D7-4E9F-AE58-BAA8DF6B1EB8}.Debug|Any CPU.Build.0 = Debug|Any CPU
		{02586A09-53D7-4E9F-AE58-BAA8DF6B1EB8}.Debug|x64.ActiveCfg = Debug|Any CPU
		{02586A09-53D7-4E9F-AE58-BAA8DF6B1EB8}.Debug|x64.Build.0 = Debug|Any CPU
		{02586A09-53D7-4E9F-AE58-BAA8DF6B1EB8}.Debug|x86.ActiveCfg = Debug|Any CPU
		{02586A09-53D7-4E9F-AE58-BAA8DF6B1EB8}.Debug|x86.Build.0 = Debug|Any CPU
		{02586A09-53D7-4E9F-AE58-BAA8DF6B1EB8}.Release|Any CPU.ActiveCfg = Release|Any CPU
		{02586A09-53D7-4E9F-AE58-BAA8DF6B1EB8}.Release|Any CPU.Build.0 = Release|Any CPU
		{02586A09-53D7-4E9F-AE58-BAA8DF6B1EB8}.Release|x64.ActiveCfg = Release|Any CPU
		{02586A09-53D7-4E9F-AE58-BAA8DF6B1EB8}.Release|x64.Build.0 = Release|Any CPU
		{02586A09-53D7-4E9F-AE58-BAA8DF6B1EB8}.Release|x86.ActiveCfg = Release|Any CPU
		{02586A09-53D7-4E9F-AE58-BAA8DF6B1EB8}.Release|x86.Build.0 = Release|Any CPU
		{4417E037-F7AF-444B-8C4D-85D9BF320ECF}.Debug|Any CPU.ActiveCfg = Debug|Any CPU
		{4417E037-F7AF-444B-8C4D-85D9BF320ECF}.Debug|Any CPU.Build.0 = Debug|Any CPU
		{4417E037-F7AF-444B-8C4D-85D9BF320ECF}.Debug|x64.ActiveCfg = Debug|Any CPU
		{4417E037-F7AF-444B-8C4D-85D9BF320ECF}.Debug|x64.Build.0 = Debug|Any CPU
		{4417E037-F7AF-444B-8C4D-85D9BF320ECF}.Debug|x86.ActiveCfg = Debug|Any CPU
		{4417E037-F7AF-444B-8C4D-85D9BF320ECF}.Debug|x86.Build.0 = Debug|Any CPU
		{4417E037-F7AF-444B-8C4D-85D9BF320ECF}.Release|Any CPU.ActiveCfg = Release|Any CPU
		{4417E037-F7AF-444B-8C4D-85D9BF320ECF}.Release|Any CPU.Build.0 = Release|Any CPU
		{4417E037-F7AF-444B-8C4D-85D9BF320ECF}.Release|x64.ActiveCfg = Release|Any CPU
		{4417E037-F7AF-444B-8C4D-85D9BF320ECF}.Release|x64.Build.0 = Release|Any CPU
		{4417E037-F7AF-444B-8C4D-85D9BF320ECF}.Release|x86.ActiveCfg = Release|Any CPU
		{4417E037-F7AF-444B-8C4D-85D9BF320ECF}.Release|x86.Build.0 = Release|Any CPU
		{E5486A8C-7AFD-4049-A1EA-0EBFD18500DD}.Debug|Any CPU.ActiveCfg = Debug|Any CPU
		{E5486A8C-7AFD-4049-A1EA-0EBFD18500DD}.Debug|Any CPU.Build.0 = Debug|Any CPU
		{E5486A8C-7AFD-4049-A1EA-0EBFD18500DD}.Debug|x64.ActiveCfg = Debug|Any CPU
		{E5486A8C-7AFD-4049-A1EA-0EBFD18500DD}.Debug|x64.Build.0 = Debug|Any CPU
		{E5486A8C-7AFD-4049-A1EA-0EBFD18500DD}.Debug|x86.ActiveCfg = Debug|Any CPU
		{E5486A8C-7AFD-4049-A1EA-0EBFD18500DD}.Debug|x86.Build.0 = Debug|Any CPU
		{E5486A8C-7AFD-4049-A1EA-0EBFD18500DD}.Release|Any CPU.ActiveCfg = Release|Any CPU
		{E5486A8C-7AFD-4049-A1EA-0EBFD18500DD}.Release|Any CPU.Build.0 = Release|Any CPU
		{E5486A8C-7AFD-4049-A1EA-0EBFD18500DD}.Release|x64.ActiveCfg = Release|Any CPU
		{E5486A8C-7AFD-4049-A1EA-0EBFD18500DD}.Release|x64.Build.0 = Release|Any CPU
		{E5486A8C-7AFD-4049-A1EA-0EBFD18500DD}.Release|x86.ActiveCfg = Release|Any CPU
		{E5486A8C-7AFD-4049-A1EA-0EBFD18500DD}.Release|x86.Build.0 = Release|Any CPU
		{BC1E83B3-1B01-4FA2-8D49-8C4F5AAC8DA6}.Debug|Any CPU.ActiveCfg = Debug|Any CPU
		{BC1E83B3-1B01-4FA2-8D49-8C4F5AAC8DA6}.Debug|Any CPU.Build.0 = Debug|Any CPU
		{BC1E83B3-1B01-4FA2-8D49-8C4F5AAC8DA6}.Debug|x64.ActiveCfg = Debug|Any CPU
		{BC1E83B3-1B01-4FA2-8D49-8C4F5AAC8DA6}.Debug|x64.Build.0 = Debug|Any CPU
		{BC1E83B3-1B01-4FA2-8D49-8C4F5AAC8DA6}.Debug|x86.ActiveCfg = Debug|Any CPU
		{BC1E83B3-1B01-4FA2-8D49-8C4F5AAC8DA6}.Debug|x86.Build.0 = Debug|Any CPU
		{BC1E83B3-1B01-4FA2-8D49-8C4F5AAC8DA6}.Release|Any CPU.ActiveCfg = Release|Any CPU
		{BC1E83B3-1B01-4FA2-8D49-8C4F5AAC8DA6}.Release|Any CPU.Build.0 = Release|Any CPU
		{BC1E83B3-1B01-4FA2-8D49-8C4F5AAC8DA6}.Release|x64.ActiveCfg = Release|Any CPU
		{BC1E83B3-1B01-4FA2-8D49-8C4F5AAC8DA6}.Release|x64.Build.0 = Release|Any CPU
		{BC1E83B3-1B01-4FA2-8D49-8C4F5AAC8DA6}.Release|x86.ActiveCfg = Release|Any CPU
		{BC1E83B3-1B01-4FA2-8D49-8C4F5AAC8DA6}.Release|x86.Build.0 = Release|Any CPU
		{0D15676F-D8B2-497F-B986-5D0EF8A2CBD8}.Debug|Any CPU.ActiveCfg = Debug|Any CPU
		{0D15676F-D8B2-497F-B986-5D0EF8A2CBD8}.Debug|Any CPU.Build.0 = Debug|Any CPU
		{0D15676F-D8B2-497F-B986-5D0EF8A2CBD8}.Debug|x64.ActiveCfg = Debug|Any CPU
		{0D15676F-D8B2-497F-B986-5D0EF8A2CBD8}.Debug|x64.Build.0 = Debug|Any CPU
		{0D15676F-D8B2-497F-B986-5D0EF8A2CBD8}.Debug|x86.ActiveCfg = Debug|Any CPU
		{0D15676F-D8B2-497F-B986-5D0EF8A2CBD8}.Debug|x86.Build.0 = Debug|Any CPU
		{0D15676F-D8B2-497F-B986-5D0EF8A2CBD8}.Release|Any CPU.ActiveCfg = Release|Any CPU
		{0D15676F-D8B2-497F-B986-5D0EF8A2CBD8}.Release|Any CPU.Build.0 = Release|Any CPU
		{0D15676F-D8B2-497F-B986-5D0EF8A2CBD8}.Release|x64.ActiveCfg = Release|Any CPU
		{0D15676F-D8B2-497F-B986-5D0EF8A2CBD8}.Release|x64.Build.0 = Release|Any CPU
		{0D15676F-D8B2-497F-B986-5D0EF8A2CBD8}.Release|x86.ActiveCfg = Release|Any CPU
		{0D15676F-D8B2-497F-B986-5D0EF8A2CBD8}.Release|x86.Build.0 = Release|Any CPU
		{70602C55-2799-4747-B333-1801794C7CDF}.Debug|Any CPU.ActiveCfg = Debug|Any CPU
		{70602C55-2799-4747-B333-1801794C7CDF}.Debug|Any CPU.Build.0 = Debug|Any CPU
		{70602C55-2799-4747-B333-1801794C7CDF}.Debug|x64.ActiveCfg = Debug|Any CPU
		{70602C55-2799-4747-B333-1801794C7CDF}.Debug|x64.Build.0 = Debug|Any CPU
		{70602C55-2799-4747-B333-1801794C7CDF}.Debug|x86.ActiveCfg = Debug|Any CPU
		{70602C55-2799-4747-B333-1801794C7CDF}.Debug|x86.Build.0 = Debug|Any CPU
		{70602C55-2799-4747-B333-1801794C7CDF}.Release|Any CPU.ActiveCfg = Release|Any CPU
		{70602C55-2799-4747-B333-1801794C7CDF}.Release|Any CPU.Build.0 = Release|Any CPU
		{70602C55-2799-4747-B333-1801794C7CDF}.Release|x64.ActiveCfg = Release|Any CPU
		{70602C55-2799-4747-B333-1801794C7CDF}.Release|x64.Build.0 = Release|Any CPU
		{70602C55-2799-4747-B333-1801794C7CDF}.Release|x86.ActiveCfg = Release|Any CPU
		{70602C55-2799-4747-B333-1801794C7CDF}.Release|x86.Build.0 = Release|Any CPU
		{6FEF6C0B-D364-4DA5-9135-ACE2825C555F}.Debug|Any CPU.ActiveCfg = Debug|Any CPU
		{6FEF6C0B-D364-4DA5-9135-ACE2825C555F}.Debug|Any CPU.Build.0 = Debug|Any CPU
		{6FEF6C0B-D364-4DA5-9135-ACE2825C555F}.Debug|x64.ActiveCfg = Debug|Any CPU
		{6FEF6C0B-D364-4DA5-9135-ACE2825C555F}.Debug|x64.Build.0 = Debug|Any CPU
		{6FEF6C0B-D364-4DA5-9135-ACE2825C555F}.Debug|x86.ActiveCfg = Debug|Any CPU
		{6FEF6C0B-D364-4DA5-9135-ACE2825C555F}.Debug|x86.Build.0 = Debug|Any CPU
		{6FEF6C0B-D364-4DA5-9135-ACE2825C555F}.Release|Any CPU.ActiveCfg = Release|Any CPU
		{6FEF6C0B-D364-4DA5-9135-ACE2825C555F}.Release|Any CPU.Build.0 = Release|Any CPU
		{6FEF6C0B-D364-4DA5-9135-ACE2825C555F}.Release|x64.ActiveCfg = Release|Any CPU
		{6FEF6C0B-D364-4DA5-9135-ACE2825C555F}.Release|x64.Build.0 = Release|Any CPU
		{6FEF6C0B-D364-4DA5-9135-ACE2825C555F}.Release|x86.ActiveCfg = Release|Any CPU
		{6FEF6C0B-D364-4DA5-9135-ACE2825C555F}.Release|x86.Build.0 = Release|Any CPU
		{652CD49F-BB89-4C46-864C-6B421BAC3532}.Debug|Any CPU.ActiveCfg = Debug|Any CPU
		{652CD49F-BB89-4C46-864C-6B421BAC3532}.Debug|Any CPU.Build.0 = Debug|Any CPU
		{652CD49F-BB89-4C46-864C-6B421BAC3532}.Debug|x64.ActiveCfg = Debug|Any CPU
		{652CD49F-BB89-4C46-864C-6B421BAC3532}.Debug|x64.Build.0 = Debug|Any CPU
		{652CD49F-BB89-4C46-864C-6B421BAC3532}.Debug|x86.ActiveCfg = Debug|Any CPU
		{652CD49F-BB89-4C46-864C-6B421BAC3532}.Debug|x86.Build.0 = Debug|Any CPU
		{652CD49F-BB89-4C46-864C-6B421BAC3532}.Release|Any CPU.ActiveCfg = Release|Any CPU
		{652CD49F-BB89-4C46-864C-6B421BAC3532}.Release|Any CPU.Build.0 = Release|Any CPU
		{652CD49F-BB89-4C46-864C-6B421BAC3532}.Release|x64.ActiveCfg = Release|Any CPU
		{652CD49F-BB89-4C46-864C-6B421BAC3532}.Release|x64.Build.0 = Release|Any CPU
		{652CD49F-BB89-4C46-864C-6B421BAC3532}.Release|x86.ActiveCfg = Release|Any CPU
		{652CD49F-BB89-4C46-864C-6B421BAC3532}.Release|x86.Build.0 = Release|Any CPU
		{D5F8E9A9-2251-40FD-9E0F-D26D3810000E}.Debug|Any CPU.ActiveCfg = Debug|Any CPU
		{D5F8E9A9-2251-40FD-9E0F-D26D3810000E}.Debug|Any CPU.Build.0 = Debug|Any CPU
		{D5F8E9A9-2251-40FD-9E0F-D26D3810000E}.Debug|x64.ActiveCfg = Debug|Any CPU
		{D5F8E9A9-2251-40FD-9E0F-D26D3810000E}.Debug|x64.Build.0 = Debug|Any CPU
		{D5F8E9A9-2251-40FD-9E0F-D26D3810000E}.Debug|x86.ActiveCfg = Debug|Any CPU
		{D5F8E9A9-2251-40FD-9E0F-D26D3810000E}.Debug|x86.Build.0 = Debug|Any CPU
		{D5F8E9A9-2251-40FD-9E0F-D26D3810000E}.Release|Any CPU.ActiveCfg = Release|Any CPU
		{D5F8E9A9-2251-40FD-9E0F-D26D3810000E}.Release|Any CPU.Build.0 = Release|Any CPU
		{D5F8E9A9-2251-40FD-9E0F-D26D3810000E}.Release|x64.ActiveCfg = Release|Any CPU
		{D5F8E9A9-2251-40FD-9E0F-D26D3810000E}.Release|x64.Build.0 = Release|Any CPU
		{D5F8E9A9-2251-40FD-9E0F-D26D3810000E}.Release|x86.ActiveCfg = Release|Any CPU
		{D5F8E9A9-2251-40FD-9E0F-D26D3810000E}.Release|x86.Build.0 = Release|Any CPU
		{8AD889D9-D176-4D86-96FE-831499B9AC42}.Debug|Any CPU.ActiveCfg = Debug|Any CPU
		{8AD889D9-D176-4D86-96FE-831499B9AC42}.Debug|Any CPU.Build.0 = Debug|Any CPU
		{8AD889D9-D176-4D86-96FE-831499B9AC42}.Debug|x64.ActiveCfg = Debug|Any CPU
		{8AD889D9-D176-4D86-96FE-831499B9AC42}.Debug|x64.Build.0 = Debug|Any CPU
		{8AD889D9-D176-4D86-96FE-831499B9AC42}.Debug|x86.ActiveCfg = Debug|Any CPU
		{8AD889D9-D176-4D86-96FE-831499B9AC42}.Debug|x86.Build.0 = Debug|Any CPU
		{8AD889D9-D176-4D86-96FE-831499B9AC42}.Release|Any CPU.ActiveCfg = Release|Any CPU
		{8AD889D9-D176-4D86-96FE-831499B9AC42}.Release|Any CPU.Build.0 = Release|Any CPU
		{8AD889D9-D176-4D86-96FE-831499B9AC42}.Release|x64.ActiveCfg = Release|Any CPU
		{8AD889D9-D176-4D86-96FE-831499B9AC42}.Release|x64.Build.0 = Release|Any CPU
		{8AD889D9-D176-4D86-96FE-831499B9AC42}.Release|x86.ActiveCfg = Release|Any CPU
		{8AD889D9-D176-4D86-96FE-831499B9AC42}.Release|x86.Build.0 = Release|Any CPU
		{08EDF24C-784B-46F8-B528-4AD45CEB6225}.Debug|Any CPU.ActiveCfg = Debug|Any CPU
		{08EDF24C-784B-46F8-B528-4AD45CEB6225}.Debug|Any CPU.Build.0 = Debug|Any CPU
		{08EDF24C-784B-46F8-B528-4AD45CEB6225}.Debug|x64.ActiveCfg = Debug|Any CPU
		{08EDF24C-784B-46F8-B528-4AD45CEB6225}.Debug|x64.Build.0 = Debug|Any CPU
		{08EDF24C-784B-46F8-B528-4AD45CEB6225}.Debug|x86.ActiveCfg = Debug|Any CPU
		{08EDF24C-784B-46F8-B528-4AD45CEB6225}.Debug|x86.Build.0 = Debug|Any CPU
		{08EDF24C-784B-46F8-B528-4AD45CEB6225}.Release|Any CPU.ActiveCfg = Release|Any CPU
		{08EDF24C-784B-46F8-B528-4AD45CEB6225}.Release|Any CPU.Build.0 = Release|Any CPU
		{08EDF24C-784B-46F8-B528-4AD45CEB6225}.Release|x64.ActiveCfg = Release|Any CPU
		{08EDF24C-784B-46F8-B528-4AD45CEB6225}.Release|x64.Build.0 = Release|Any CPU
		{08EDF24C-784B-46F8-B528-4AD45CEB6225}.Release|x86.ActiveCfg = Release|Any CPU
		{08EDF24C-784B-46F8-B528-4AD45CEB6225}.Release|x86.Build.0 = Release|Any CPU
		{A4722B7D-D714-49E8-89F2-89B09DAEE19E}.Debug|Any CPU.ActiveCfg = Debug|Any CPU
		{A4722B7D-D714-49E8-89F2-89B09DAEE19E}.Debug|Any CPU.Build.0 = Debug|Any CPU
		{A4722B7D-D714-49E8-89F2-89B09DAEE19E}.Debug|x64.ActiveCfg = Debug|Any CPU
		{A4722B7D-D714-49E8-89F2-89B09DAEE19E}.Debug|x64.Build.0 = Debug|Any CPU
		{A4722B7D-D714-49E8-89F2-89B09DAEE19E}.Debug|x86.ActiveCfg = Debug|Any CPU
		{A4722B7D-D714-49E8-89F2-89B09DAEE19E}.Debug|x86.Build.0 = Debug|Any CPU
		{A4722B7D-D714-49E8-89F2-89B09DAEE19E}.Release|Any CPU.ActiveCfg = Release|Any CPU
		{A4722B7D-D714-49E8-89F2-89B09DAEE19E}.Release|Any CPU.Build.0 = Release|Any CPU
		{A4722B7D-D714-49E8-89F2-89B09DAEE19E}.Release|x64.ActiveCfg = Release|Any CPU
		{A4722B7D-D714-49E8-89F2-89B09DAEE19E}.Release|x64.Build.0 = Release|Any CPU
		{A4722B7D-D714-49E8-89F2-89B09DAEE19E}.Release|x86.ActiveCfg = Release|Any CPU
		{A4722B7D-D714-49E8-89F2-89B09DAEE19E}.Release|x86.Build.0 = Release|Any CPU
		{00260DE1-615D-417A-B858-AD2011ABA029}.Debug|Any CPU.ActiveCfg = Debug|Any CPU
		{00260DE1-615D-417A-B858-AD2011ABA029}.Debug|Any CPU.Build.0 = Debug|Any CPU
		{00260DE1-615D-417A-B858-AD2011ABA029}.Debug|x64.ActiveCfg = Debug|Any CPU
		{00260DE1-615D-417A-B858-AD2011ABA029}.Debug|x64.Build.0 = Debug|Any CPU
		{00260DE1-615D-417A-B858-AD2011ABA029}.Debug|x86.ActiveCfg = Debug|Any CPU
		{00260DE1-615D-417A-B858-AD2011ABA029}.Debug|x86.Build.0 = Debug|Any CPU
		{00260DE1-615D-417A-B858-AD2011ABA029}.Release|Any CPU.ActiveCfg = Release|Any CPU
		{00260DE1-615D-417A-B858-AD2011ABA029}.Release|Any CPU.Build.0 = Release|Any CPU
		{00260DE1-615D-417A-B858-AD2011ABA029}.Release|x64.ActiveCfg = Release|Any CPU
		{00260DE1-615D-417A-B858-AD2011ABA029}.Release|x64.Build.0 = Release|Any CPU
		{00260DE1-615D-417A-B858-AD2011ABA029}.Release|x86.ActiveCfg = Release|Any CPU
		{00260DE1-615D-417A-B858-AD2011ABA029}.Release|x86.Build.0 = Release|Any CPU
		{8BDB30B0-A8A1-40F1-8282-34CC203B127C}.Debug|Any CPU.ActiveCfg = Debug|Any CPU
		{8BDB30B0-A8A1-40F1-8282-34CC203B127C}.Debug|Any CPU.Build.0 = Debug|Any CPU
		{8BDB30B0-A8A1-40F1-8282-34CC203B127C}.Debug|x64.ActiveCfg = Debug|Any CPU
		{8BDB30B0-A8A1-40F1-8282-34CC203B127C}.Debug|x64.Build.0 = Debug|Any CPU
		{8BDB30B0-A8A1-40F1-8282-34CC203B127C}.Debug|x86.ActiveCfg = Debug|Any CPU
		{8BDB30B0-A8A1-40F1-8282-34CC203B127C}.Debug|x86.Build.0 = Debug|Any CPU
		{8BDB30B0-A8A1-40F1-8282-34CC203B127C}.Release|Any CPU.ActiveCfg = Release|Any CPU
		{8BDB30B0-A8A1-40F1-8282-34CC203B127C}.Release|Any CPU.Build.0 = Release|Any CPU
		{8BDB30B0-A8A1-40F1-8282-34CC203B127C}.Release|x64.ActiveCfg = Release|Any CPU
		{8BDB30B0-A8A1-40F1-8282-34CC203B127C}.Release|x64.Build.0 = Release|Any CPU
		{8BDB30B0-A8A1-40F1-8282-34CC203B127C}.Release|x86.ActiveCfg = Release|Any CPU
		{8BDB30B0-A8A1-40F1-8282-34CC203B127C}.Release|x86.Build.0 = Release|Any CPU
		{3A985B17-D342-45C4-AAA6-FA0479E12E92}.Debug|Any CPU.ActiveCfg = Debug|Any CPU
		{3A985B17-D342-45C4-AAA6-FA0479E12E92}.Debug|Any CPU.Build.0 = Debug|Any CPU
		{3A985B17-D342-45C4-AAA6-FA0479E12E92}.Debug|x64.ActiveCfg = Debug|Any CPU
		{3A985B17-D342-45C4-AAA6-FA0479E12E92}.Debug|x64.Build.0 = Debug|Any CPU
		{3A985B17-D342-45C4-AAA6-FA0479E12E92}.Debug|x86.ActiveCfg = Debug|Any CPU
		{3A985B17-D342-45C4-AAA6-FA0479E12E92}.Debug|x86.Build.0 = Debug|Any CPU
		{3A985B17-D342-45C4-AAA6-FA0479E12E92}.Release|Any CPU.ActiveCfg = Release|Any CPU
		{3A985B17-D342-45C4-AAA6-FA0479E12E92}.Release|Any CPU.Build.0 = Release|Any CPU
		{3A985B17-D342-45C4-AAA6-FA0479E12E92}.Release|x64.ActiveCfg = Release|Any CPU
		{3A985B17-D342-45C4-AAA6-FA0479E12E92}.Release|x64.Build.0 = Release|Any CPU
		{3A985B17-D342-45C4-AAA6-FA0479E12E92}.Release|x86.ActiveCfg = Release|Any CPU
		{3A985B17-D342-45C4-AAA6-FA0479E12E92}.Release|x86.Build.0 = Release|Any CPU
		{43D19BDF-49BA-4A5F-8F4A-E09453C3E3B3}.Debug|Any CPU.ActiveCfg = Debug|Any CPU
		{43D19BDF-49BA-4A5F-8F4A-E09453C3E3B3}.Debug|Any CPU.Build.0 = Debug|Any CPU
		{43D19BDF-49BA-4A5F-8F4A-E09453C3E3B3}.Debug|x64.ActiveCfg = Debug|Any CPU
		{43D19BDF-49BA-4A5F-8F4A-E09453C3E3B3}.Debug|x64.Build.0 = Debug|Any CPU
		{43D19BDF-49BA-4A5F-8F4A-E09453C3E3B3}.Debug|x86.ActiveCfg = Debug|Any CPU
		{43D19BDF-49BA-4A5F-8F4A-E09453C3E3B3}.Debug|x86.Build.0 = Debug|Any CPU
		{43D19BDF-49BA-4A5F-8F4A-E09453C3E3B3}.Release|Any CPU.ActiveCfg = Release|Any CPU
		{43D19BDF-49BA-4A5F-8F4A-E09453C3E3B3}.Release|Any CPU.Build.0 = Release|Any CPU
		{43D19BDF-49BA-4A5F-8F4A-E09453C3E3B3}.Release|x64.ActiveCfg = Release|Any CPU
		{43D19BDF-49BA-4A5F-8F4A-E09453C3E3B3}.Release|x64.Build.0 = Release|Any CPU
		{43D19BDF-49BA-4A5F-8F4A-E09453C3E3B3}.Release|x86.ActiveCfg = Release|Any CPU
		{43D19BDF-49BA-4A5F-8F4A-E09453C3E3B3}.Release|x86.Build.0 = Release|Any CPU
		{E1291AB1-3A8C-4E3F-AEC4-4B74897B2EDB}.Debug|Any CPU.ActiveCfg = Debug|Any CPU
		{E1291AB1-3A8C-4E3F-AEC4-4B74897B2EDB}.Debug|Any CPU.Build.0 = Debug|Any CPU
		{E1291AB1-3A8C-4E3F-AEC4-4B74897B2EDB}.Debug|x64.ActiveCfg = Debug|Any CPU
		{E1291AB1-3A8C-4E3F-AEC4-4B74897B2EDB}.Debug|x64.Build.0 = Debug|Any CPU
		{E1291AB1-3A8C-4E3F-AEC4-4B74897B2EDB}.Debug|x86.ActiveCfg = Debug|Any CPU
		{E1291AB1-3A8C-4E3F-AEC4-4B74897B2EDB}.Debug|x86.Build.0 = Debug|Any CPU
		{E1291AB1-3A8C-4E3F-AEC4-4B74897B2EDB}.Release|Any CPU.ActiveCfg = Release|Any CPU
		{E1291AB1-3A8C-4E3F-AEC4-4B74897B2EDB}.Release|Any CPU.Build.0 = Release|Any CPU
		{E1291AB1-3A8C-4E3F-AEC4-4B74897B2EDB}.Release|x64.ActiveCfg = Release|Any CPU
		{E1291AB1-3A8C-4E3F-AEC4-4B74897B2EDB}.Release|x64.Build.0 = Release|Any CPU
		{E1291AB1-3A8C-4E3F-AEC4-4B74897B2EDB}.Release|x86.ActiveCfg = Release|Any CPU
		{E1291AB1-3A8C-4E3F-AEC4-4B74897B2EDB}.Release|x86.Build.0 = Release|Any CPU
		{0915E28E-F1D9-4B8E-BF7F-025AF8028C81}.Debug|Any CPU.ActiveCfg = Debug|Any CPU
		{0915E28E-F1D9-4B8E-BF7F-025AF8028C81}.Debug|Any CPU.Build.0 = Debug|Any CPU
		{0915E28E-F1D9-4B8E-BF7F-025AF8028C81}.Debug|x64.ActiveCfg = Debug|Any CPU
		{0915E28E-F1D9-4B8E-BF7F-025AF8028C81}.Debug|x64.Build.0 = Debug|Any CPU
		{0915E28E-F1D9-4B8E-BF7F-025AF8028C81}.Debug|x86.ActiveCfg = Debug|Any CPU
		{0915E28E-F1D9-4B8E-BF7F-025AF8028C81}.Debug|x86.Build.0 = Debug|Any CPU
		{0915E28E-F1D9-4B8E-BF7F-025AF8028C81}.Release|Any CPU.ActiveCfg = Release|Any CPU
		{0915E28E-F1D9-4B8E-BF7F-025AF8028C81}.Release|Any CPU.Build.0 = Release|Any CPU
		{0915E28E-F1D9-4B8E-BF7F-025AF8028C81}.Release|x64.ActiveCfg = Release|Any CPU
		{0915E28E-F1D9-4B8E-BF7F-025AF8028C81}.Release|x64.Build.0 = Release|Any CPU
		{0915E28E-F1D9-4B8E-BF7F-025AF8028C81}.Release|x86.ActiveCfg = Release|Any CPU
		{0915E28E-F1D9-4B8E-BF7F-025AF8028C81}.Release|x86.Build.0 = Release|Any CPU
		{7E770701-55F6-448E-8081-8BC4CE09CF8D}.Debug|Any CPU.ActiveCfg = Debug|Any CPU
		{7E770701-55F6-448E-8081-8BC4CE09CF8D}.Debug|Any CPU.Build.0 = Debug|Any CPU
		{7E770701-55F6-448E-8081-8BC4CE09CF8D}.Debug|x64.ActiveCfg = Debug|Any CPU
		{7E770701-55F6-448E-8081-8BC4CE09CF8D}.Debug|x64.Build.0 = Debug|Any CPU
		{7E770701-55F6-448E-8081-8BC4CE09CF8D}.Debug|x86.ActiveCfg = Debug|Any CPU
		{7E770701-55F6-448E-8081-8BC4CE09CF8D}.Debug|x86.Build.0 = Debug|Any CPU
		{7E770701-55F6-448E-8081-8BC4CE09CF8D}.Release|Any CPU.ActiveCfg = Release|Any CPU
		{7E770701-55F6-448E-8081-8BC4CE09CF8D}.Release|Any CPU.Build.0 = Release|Any CPU
		{7E770701-55F6-448E-8081-8BC4CE09CF8D}.Release|x64.ActiveCfg = Release|Any CPU
		{7E770701-55F6-448E-8081-8BC4CE09CF8D}.Release|x64.Build.0 = Release|Any CPU
		{7E770701-55F6-448E-8081-8BC4CE09CF8D}.Release|x86.ActiveCfg = Release|Any CPU
		{7E770701-55F6-448E-8081-8BC4CE09CF8D}.Release|x86.Build.0 = Release|Any CPU
		{760DC06F-1ADA-4A63-B02E-0FDAAED07573}.Debug|Any CPU.ActiveCfg = Debug|Any CPU
		{760DC06F-1ADA-4A63-B02E-0FDAAED07573}.Debug|Any CPU.Build.0 = Debug|Any CPU
		{760DC06F-1ADA-4A63-B02E-0FDAAED07573}.Debug|x64.ActiveCfg = Debug|Any CPU
		{760DC06F-1ADA-4A63-B02E-0FDAAED07573}.Debug|x64.Build.0 = Debug|Any CPU
		{760DC06F-1ADA-4A63-B02E-0FDAAED07573}.Debug|x86.ActiveCfg = Debug|Any CPU
		{760DC06F-1ADA-4A63-B02E-0FDAAED07573}.Debug|x86.Build.0 = Debug|Any CPU
		{760DC06F-1ADA-4A63-B02E-0FDAAED07573}.Release|Any CPU.ActiveCfg = Release|Any CPU
		{760DC06F-1ADA-4A63-B02E-0FDAAED07573}.Release|Any CPU.Build.0 = Release|Any CPU
		{760DC06F-1ADA-4A63-B02E-0FDAAED07573}.Release|x64.ActiveCfg = Release|Any CPU
		{760DC06F-1ADA-4A63-B02E-0FDAAED07573}.Release|x64.Build.0 = Release|Any CPU
		{760DC06F-1ADA-4A63-B02E-0FDAAED07573}.Release|x86.ActiveCfg = Release|Any CPU
		{760DC06F-1ADA-4A63-B02E-0FDAAED07573}.Release|x86.Build.0 = Release|Any CPU
		{4C0DAB08-0F5E-40BA-9410-7A58DDC2BE2D}.Debug|Any CPU.ActiveCfg = Debug|Any CPU
		{4C0DAB08-0F5E-40BA-9410-7A58DDC2BE2D}.Debug|Any CPU.Build.0 = Debug|Any CPU
		{4C0DAB08-0F5E-40BA-9410-7A58DDC2BE2D}.Debug|x64.ActiveCfg = Debug|Any CPU
		{4C0DAB08-0F5E-40BA-9410-7A58DDC2BE2D}.Debug|x64.Build.0 = Debug|Any CPU
		{4C0DAB08-0F5E-40BA-9410-7A58DDC2BE2D}.Debug|x86.ActiveCfg = Debug|Any CPU
		{4C0DAB08-0F5E-40BA-9410-7A58DDC2BE2D}.Debug|x86.Build.0 = Debug|Any CPU
		{4C0DAB08-0F5E-40BA-9410-7A58DDC2BE2D}.Release|Any CPU.ActiveCfg = Release|Any CPU
		{4C0DAB08-0F5E-40BA-9410-7A58DDC2BE2D}.Release|Any CPU.Build.0 = Release|Any CPU
		{4C0DAB08-0F5E-40BA-9410-7A58DDC2BE2D}.Release|x64.ActiveCfg = Release|Any CPU
		{4C0DAB08-0F5E-40BA-9410-7A58DDC2BE2D}.Release|x64.Build.0 = Release|Any CPU
		{4C0DAB08-0F5E-40BA-9410-7A58DDC2BE2D}.Release|x86.ActiveCfg = Release|Any CPU
		{4C0DAB08-0F5E-40BA-9410-7A58DDC2BE2D}.Release|x86.Build.0 = Release|Any CPU
		{DBA77D53-19BC-46B0-B9C2-44A11530E159}.Debug|Any CPU.ActiveCfg = Debug|Any CPU
		{DBA77D53-19BC-46B0-B9C2-44A11530E159}.Debug|Any CPU.Build.0 = Debug|Any CPU
		{DBA77D53-19BC-46B0-B9C2-44A11530E159}.Debug|x64.ActiveCfg = Debug|Any CPU
		{DBA77D53-19BC-46B0-B9C2-44A11530E159}.Debug|x64.Build.0 = Debug|Any CPU
		{DBA77D53-19BC-46B0-B9C2-44A11530E159}.Debug|x86.ActiveCfg = Debug|Any CPU
		{DBA77D53-19BC-46B0-B9C2-44A11530E159}.Debug|x86.Build.0 = Debug|Any CPU
		{DBA77D53-19BC-46B0-B9C2-44A11530E159}.Release|Any CPU.ActiveCfg = Release|Any CPU
		{DBA77D53-19BC-46B0-B9C2-44A11530E159}.Release|Any CPU.Build.0 = Release|Any CPU
		{DBA77D53-19BC-46B0-B9C2-44A11530E159}.Release|x64.ActiveCfg = Release|Any CPU
		{DBA77D53-19BC-46B0-B9C2-44A11530E159}.Release|x64.Build.0 = Release|Any CPU
		{DBA77D53-19BC-46B0-B9C2-44A11530E159}.Release|x86.ActiveCfg = Release|Any CPU
		{DBA77D53-19BC-46B0-B9C2-44A11530E159}.Release|x86.Build.0 = Release|Any CPU
		{1324BBED-5530-4084-9B08-8075E3CF3988}.Debug|Any CPU.ActiveCfg = Debug|Any CPU
		{1324BBED-5530-4084-9B08-8075E3CF3988}.Debug|Any CPU.Build.0 = Debug|Any CPU
		{1324BBED-5530-4084-9B08-8075E3CF3988}.Debug|x64.ActiveCfg = Debug|Any CPU
		{1324BBED-5530-4084-9B08-8075E3CF3988}.Debug|x64.Build.0 = Debug|Any CPU
		{1324BBED-5530-4084-9B08-8075E3CF3988}.Debug|x86.ActiveCfg = Debug|Any CPU
		{1324BBED-5530-4084-9B08-8075E3CF3988}.Debug|x86.Build.0 = Debug|Any CPU
		{1324BBED-5530-4084-9B08-8075E3CF3988}.Release|Any CPU.ActiveCfg = Release|Any CPU
		{1324BBED-5530-4084-9B08-8075E3CF3988}.Release|Any CPU.Build.0 = Release|Any CPU
		{1324BBED-5530-4084-9B08-8075E3CF3988}.Release|x64.ActiveCfg = Release|Any CPU
		{1324BBED-5530-4084-9B08-8075E3CF3988}.Release|x64.Build.0 = Release|Any CPU
		{1324BBED-5530-4084-9B08-8075E3CF3988}.Release|x86.ActiveCfg = Release|Any CPU
		{1324BBED-5530-4084-9B08-8075E3CF3988}.Release|x86.Build.0 = Release|Any CPU
		{910644A5-8A33-4E5F-9955-9259394A0574}.Debug|Any CPU.ActiveCfg = Debug|Any CPU
		{910644A5-8A33-4E5F-9955-9259394A0574}.Debug|Any CPU.Build.0 = Debug|Any CPU
		{910644A5-8A33-4E5F-9955-9259394A0574}.Debug|x64.ActiveCfg = Debug|Any CPU
		{910644A5-8A33-4E5F-9955-9259394A0574}.Debug|x64.Build.0 = Debug|Any CPU
		{910644A5-8A33-4E5F-9955-9259394A0574}.Debug|x86.ActiveCfg = Debug|Any CPU
		{910644A5-8A33-4E5F-9955-9259394A0574}.Debug|x86.Build.0 = Debug|Any CPU
		{910644A5-8A33-4E5F-9955-9259394A0574}.Release|Any CPU.ActiveCfg = Release|Any CPU
		{910644A5-8A33-4E5F-9955-9259394A0574}.Release|Any CPU.Build.0 = Release|Any CPU
		{910644A5-8A33-4E5F-9955-9259394A0574}.Release|x64.ActiveCfg = Release|Any CPU
		{910644A5-8A33-4E5F-9955-9259394A0574}.Release|x64.Build.0 = Release|Any CPU
		{910644A5-8A33-4E5F-9955-9259394A0574}.Release|x86.ActiveCfg = Release|Any CPU
		{910644A5-8A33-4E5F-9955-9259394A0574}.Release|x86.Build.0 = Release|Any CPU
		{3D849EA5-E286-4E74-85BF-63B03365ED44}.Debug|Any CPU.ActiveCfg = Debug|Any CPU
		{3D849EA5-E286-4E74-85BF-63B03365ED44}.Debug|Any CPU.Build.0 = Debug|Any CPU
		{3D849EA5-E286-4E74-85BF-63B03365ED44}.Debug|x64.ActiveCfg = Debug|Any CPU
		{3D849EA5-E286-4E74-85BF-63B03365ED44}.Debug|x64.Build.0 = Debug|Any CPU
		{3D849EA5-E286-4E74-85BF-63B03365ED44}.Debug|x86.ActiveCfg = Debug|Any CPU
		{3D849EA5-E286-4E74-85BF-63B03365ED44}.Debug|x86.Build.0 = Debug|Any CPU
		{3D849EA5-E286-4E74-85BF-63B03365ED44}.Release|Any CPU.ActiveCfg = Release|Any CPU
		{3D849EA5-E286-4E74-85BF-63B03365ED44}.Release|Any CPU.Build.0 = Release|Any CPU
		{3D849EA5-E286-4E74-85BF-63B03365ED44}.Release|x64.ActiveCfg = Release|Any CPU
		{3D849EA5-E286-4E74-85BF-63B03365ED44}.Release|x64.Build.0 = Release|Any CPU
		{3D849EA5-E286-4E74-85BF-63B03365ED44}.Release|x86.ActiveCfg = Release|Any CPU
		{3D849EA5-E286-4E74-85BF-63B03365ED44}.Release|x86.Build.0 = Release|Any CPU
		{A4590EBB-2DAE-45C8-9E28-125A84F6CFB0}.Debug|Any CPU.ActiveCfg = Debug|Any CPU
		{A4590EBB-2DAE-45C8-9E28-125A84F6CFB0}.Debug|Any CPU.Build.0 = Debug|Any CPU
		{A4590EBB-2DAE-45C8-9E28-125A84F6CFB0}.Debug|x64.ActiveCfg = Debug|Any CPU
		{A4590EBB-2DAE-45C8-9E28-125A84F6CFB0}.Debug|x64.Build.0 = Debug|Any CPU
		{A4590EBB-2DAE-45C8-9E28-125A84F6CFB0}.Debug|x86.ActiveCfg = Debug|Any CPU
		{A4590EBB-2DAE-45C8-9E28-125A84F6CFB0}.Debug|x86.Build.0 = Debug|Any CPU
		{A4590EBB-2DAE-45C8-9E28-125A84F6CFB0}.Release|Any CPU.ActiveCfg = Release|Any CPU
		{A4590EBB-2DAE-45C8-9E28-125A84F6CFB0}.Release|Any CPU.Build.0 = Release|Any CPU
		{A4590EBB-2DAE-45C8-9E28-125A84F6CFB0}.Release|x64.ActiveCfg = Release|Any CPU
		{A4590EBB-2DAE-45C8-9E28-125A84F6CFB0}.Release|x64.Build.0 = Release|Any CPU
		{A4590EBB-2DAE-45C8-9E28-125A84F6CFB0}.Release|x86.ActiveCfg = Release|Any CPU
		{A4590EBB-2DAE-45C8-9E28-125A84F6CFB0}.Release|x86.Build.0 = Release|Any CPU
		{0AA35A00-874C-4CE1-A34A-CD24DD3C7C83}.Debug|Any CPU.ActiveCfg = Debug|Any CPU
		{0AA35A00-874C-4CE1-A34A-CD24DD3C7C83}.Debug|Any CPU.Build.0 = Debug|Any CPU
		{0AA35A00-874C-4CE1-A34A-CD24DD3C7C83}.Debug|x64.ActiveCfg = Debug|Any CPU
		{0AA35A00-874C-4CE1-A34A-CD24DD3C7C83}.Debug|x64.Build.0 = Debug|Any CPU
		{0AA35A00-874C-4CE1-A34A-CD24DD3C7C83}.Debug|x86.ActiveCfg = Debug|Any CPU
		{0AA35A00-874C-4CE1-A34A-CD24DD3C7C83}.Debug|x86.Build.0 = Debug|Any CPU
		{0AA35A00-874C-4CE1-A34A-CD24DD3C7C83}.Release|Any CPU.ActiveCfg = Release|Any CPU
		{0AA35A00-874C-4CE1-A34A-CD24DD3C7C83}.Release|Any CPU.Build.0 = Release|Any CPU
		{0AA35A00-874C-4CE1-A34A-CD24DD3C7C83}.Release|x64.ActiveCfg = Release|Any CPU
		{0AA35A00-874C-4CE1-A34A-CD24DD3C7C83}.Release|x64.Build.0 = Release|Any CPU
		{0AA35A00-874C-4CE1-A34A-CD24DD3C7C83}.Release|x86.ActiveCfg = Release|Any CPU
		{0AA35A00-874C-4CE1-A34A-CD24DD3C7C83}.Release|x86.Build.0 = Release|Any CPU
		{5D47A66E-D9EB-4E8F-9301-212B79853FDA}.Debug|Any CPU.ActiveCfg = Debug|Any CPU
		{5D47A66E-D9EB-4E8F-9301-212B79853FDA}.Debug|Any CPU.Build.0 = Debug|Any CPU
		{5D47A66E-D9EB-4E8F-9301-212B79853FDA}.Debug|x64.ActiveCfg = Debug|Any CPU
		{5D47A66E-D9EB-4E8F-9301-212B79853FDA}.Debug|x64.Build.0 = Debug|Any CPU
		{5D47A66E-D9EB-4E8F-9301-212B79853FDA}.Debug|x86.ActiveCfg = Debug|Any CPU
		{5D47A66E-D9EB-4E8F-9301-212B79853FDA}.Debug|x86.Build.0 = Debug|Any CPU
		{5D47A66E-D9EB-4E8F-9301-212B79853FDA}.Release|Any CPU.ActiveCfg = Release|Any CPU
		{5D47A66E-D9EB-4E8F-9301-212B79853FDA}.Release|Any CPU.Build.0 = Release|Any CPU
		{5D47A66E-D9EB-4E8F-9301-212B79853FDA}.Release|x64.ActiveCfg = Release|Any CPU
		{5D47A66E-D9EB-4E8F-9301-212B79853FDA}.Release|x64.Build.0 = Release|Any CPU
		{5D47A66E-D9EB-4E8F-9301-212B79853FDA}.Release|x86.ActiveCfg = Release|Any CPU
		{5D47A66E-D9EB-4E8F-9301-212B79853FDA}.Release|x86.Build.0 = Release|Any CPU
		{7CE9C528-A119-4A93-9F1C-015C959E3623}.Debug|Any CPU.ActiveCfg = Debug|Any CPU
		{7CE9C528-A119-4A93-9F1C-015C959E3623}.Debug|Any CPU.Build.0 = Debug|Any CPU
		{7CE9C528-A119-4A93-9F1C-015C959E3623}.Debug|x64.ActiveCfg = Debug|Any CPU
		{7CE9C528-A119-4A93-9F1C-015C959E3623}.Debug|x64.Build.0 = Debug|Any CPU
		{7CE9C528-A119-4A93-9F1C-015C959E3623}.Debug|x86.ActiveCfg = Debug|Any CPU
		{7CE9C528-A119-4A93-9F1C-015C959E3623}.Debug|x86.Build.0 = Debug|Any CPU
		{7CE9C528-A119-4A93-9F1C-015C959E3623}.Release|Any CPU.ActiveCfg = Release|Any CPU
		{7CE9C528-A119-4A93-9F1C-015C959E3623}.Release|Any CPU.Build.0 = Release|Any CPU
		{7CE9C528-A119-4A93-9F1C-015C959E3623}.Release|x64.ActiveCfg = Release|Any CPU
		{7CE9C528-A119-4A93-9F1C-015C959E3623}.Release|x64.Build.0 = Release|Any CPU
		{7CE9C528-A119-4A93-9F1C-015C959E3623}.Release|x86.ActiveCfg = Release|Any CPU
		{7CE9C528-A119-4A93-9F1C-015C959E3623}.Release|x86.Build.0 = Release|Any CPU
		{AB47AD4C-E1ED-4628-BE84-58FB1A268138}.Debug|Any CPU.ActiveCfg = Debug|Any CPU
		{AB47AD4C-E1ED-4628-BE84-58FB1A268138}.Debug|Any CPU.Build.0 = Debug|Any CPU
		{AB47AD4C-E1ED-4628-BE84-58FB1A268138}.Debug|x64.ActiveCfg = Debug|Any CPU
		{AB47AD4C-E1ED-4628-BE84-58FB1A268138}.Debug|x64.Build.0 = Debug|Any CPU
		{AB47AD4C-E1ED-4628-BE84-58FB1A268138}.Debug|x86.ActiveCfg = Debug|Any CPU
		{AB47AD4C-E1ED-4628-BE84-58FB1A268138}.Debug|x86.Build.0 = Debug|Any CPU
		{AB47AD4C-E1ED-4628-BE84-58FB1A268138}.Release|Any CPU.ActiveCfg = Release|Any CPU
		{AB47AD4C-E1ED-4628-BE84-58FB1A268138}.Release|Any CPU.Build.0 = Release|Any CPU
		{AB47AD4C-E1ED-4628-BE84-58FB1A268138}.Release|x64.ActiveCfg = Release|Any CPU
		{AB47AD4C-E1ED-4628-BE84-58FB1A268138}.Release|x64.Build.0 = Release|Any CPU
		{AB47AD4C-E1ED-4628-BE84-58FB1A268138}.Release|x86.ActiveCfg = Release|Any CPU
		{AB47AD4C-E1ED-4628-BE84-58FB1A268138}.Release|x86.Build.0 = Release|Any CPU
		{FADAC5C0-70C6-41E2-842C-7CCBB5BF0D02}.Debug|Any CPU.ActiveCfg = Debug|Any CPU
		{FADAC5C0-70C6-41E2-842C-7CCBB5BF0D02}.Debug|Any CPU.Build.0 = Debug|Any CPU
		{FADAC5C0-70C6-41E2-842C-7CCBB5BF0D02}.Debug|x64.ActiveCfg = Debug|Any CPU
		{FADAC5C0-70C6-41E2-842C-7CCBB5BF0D02}.Debug|x64.Build.0 = Debug|Any CPU
		{FADAC5C0-70C6-41E2-842C-7CCBB5BF0D02}.Debug|x86.ActiveCfg = Debug|Any CPU
		{FADAC5C0-70C6-41E2-842C-7CCBB5BF0D02}.Debug|x86.Build.0 = Debug|Any CPU
		{FADAC5C0-70C6-41E2-842C-7CCBB5BF0D02}.Release|Any CPU.ActiveCfg = Release|Any CPU
		{FADAC5C0-70C6-41E2-842C-7CCBB5BF0D02}.Release|Any CPU.Build.0 = Release|Any CPU
		{FADAC5C0-70C6-41E2-842C-7CCBB5BF0D02}.Release|x64.ActiveCfg = Release|Any CPU
		{FADAC5C0-70C6-41E2-842C-7CCBB5BF0D02}.Release|x64.Build.0 = Release|Any CPU
		{FADAC5C0-70C6-41E2-842C-7CCBB5BF0D02}.Release|x86.ActiveCfg = Release|Any CPU
		{FADAC5C0-70C6-41E2-842C-7CCBB5BF0D02}.Release|x86.Build.0 = Release|Any CPU
		{0D9B15B4-9CBD-445D-8801-D33F1ABCF631}.Debug|Any CPU.ActiveCfg = Debug|Any CPU
		{0D9B15B4-9CBD-445D-8801-D33F1ABCF631}.Debug|Any CPU.Build.0 = Debug|Any CPU
		{0D9B15B4-9CBD-445D-8801-D33F1ABCF631}.Debug|x64.ActiveCfg = Debug|Any CPU
		{0D9B15B4-9CBD-445D-8801-D33F1ABCF631}.Debug|x64.Build.0 = Debug|Any CPU
		{0D9B15B4-9CBD-445D-8801-D33F1ABCF631}.Debug|x86.ActiveCfg = Debug|Any CPU
		{0D9B15B4-9CBD-445D-8801-D33F1ABCF631}.Debug|x86.Build.0 = Debug|Any CPU
		{0D9B15B4-9CBD-445D-8801-D33F1ABCF631}.Release|Any CPU.ActiveCfg = Release|Any CPU
		{0D9B15B4-9CBD-445D-8801-D33F1ABCF631}.Release|Any CPU.Build.0 = Release|Any CPU
		{0D9B15B4-9CBD-445D-8801-D33F1ABCF631}.Release|x64.ActiveCfg = Release|Any CPU
		{0D9B15B4-9CBD-445D-8801-D33F1ABCF631}.Release|x64.Build.0 = Release|Any CPU
		{0D9B15B4-9CBD-445D-8801-D33F1ABCF631}.Release|x86.ActiveCfg = Release|Any CPU
		{0D9B15B4-9CBD-445D-8801-D33F1ABCF631}.Release|x86.Build.0 = Release|Any CPU
		{3A6152E4-2665-4C75-B1F1-77022E76714E}.Debug|Any CPU.ActiveCfg = Debug|Any CPU
		{3A6152E4-2665-4C75-B1F1-77022E76714E}.Debug|Any CPU.Build.0 = Debug|Any CPU
		{3A6152E4-2665-4C75-B1F1-77022E76714E}.Debug|x64.ActiveCfg = Debug|Any CPU
		{3A6152E4-2665-4C75-B1F1-77022E76714E}.Debug|x64.Build.0 = Debug|Any CPU
		{3A6152E4-2665-4C75-B1F1-77022E76714E}.Debug|x86.ActiveCfg = Debug|Any CPU
		{3A6152E4-2665-4C75-B1F1-77022E76714E}.Debug|x86.Build.0 = Debug|Any CPU
		{3A6152E4-2665-4C75-B1F1-77022E76714E}.Release|Any CPU.ActiveCfg = Release|Any CPU
		{3A6152E4-2665-4C75-B1F1-77022E76714E}.Release|Any CPU.Build.0 = Release|Any CPU
		{3A6152E4-2665-4C75-B1F1-77022E76714E}.Release|x64.ActiveCfg = Release|Any CPU
		{3A6152E4-2665-4C75-B1F1-77022E76714E}.Release|x64.Build.0 = Release|Any CPU
		{3A6152E4-2665-4C75-B1F1-77022E76714E}.Release|x86.ActiveCfg = Release|Any CPU
		{3A6152E4-2665-4C75-B1F1-77022E76714E}.Release|x86.Build.0 = Release|Any CPU
		{3043EBF8-A673-4E1E-AEF5-9F5DF69403E5}.Debug|Any CPU.ActiveCfg = Debug|Any CPU
		{3043EBF8-A673-4E1E-AEF5-9F5DF69403E5}.Debug|Any CPU.Build.0 = Debug|Any CPU
		{3043EBF8-A673-4E1E-AEF5-9F5DF69403E5}.Debug|x64.ActiveCfg = Debug|Any CPU
		{3043EBF8-A673-4E1E-AEF5-9F5DF69403E5}.Debug|x64.Build.0 = Debug|Any CPU
		{3043EBF8-A673-4E1E-AEF5-9F5DF69403E5}.Debug|x86.ActiveCfg = Debug|Any CPU
		{3043EBF8-A673-4E1E-AEF5-9F5DF69403E5}.Debug|x86.Build.0 = Debug|Any CPU
		{3043EBF8-A673-4E1E-AEF5-9F5DF69403E5}.Release|Any CPU.ActiveCfg = Release|Any CPU
		{3043EBF8-A673-4E1E-AEF5-9F5DF69403E5}.Release|Any CPU.Build.0 = Release|Any CPU
		{3043EBF8-A673-4E1E-AEF5-9F5DF69403E5}.Release|x64.ActiveCfg = Release|Any CPU
		{3043EBF8-A673-4E1E-AEF5-9F5DF69403E5}.Release|x64.Build.0 = Release|Any CPU
		{3043EBF8-A673-4E1E-AEF5-9F5DF69403E5}.Release|x86.ActiveCfg = Release|Any CPU
		{3043EBF8-A673-4E1E-AEF5-9F5DF69403E5}.Release|x86.Build.0 = Release|Any CPU
		{D6447E2B-04D0-4106-ADFC-641819678BC7}.Debug|Any CPU.ActiveCfg = Debug|Any CPU
		{D6447E2B-04D0-4106-ADFC-641819678BC7}.Debug|Any CPU.Build.0 = Debug|Any CPU
		{D6447E2B-04D0-4106-ADFC-641819678BC7}.Debug|x64.ActiveCfg = Debug|Any CPU
		{D6447E2B-04D0-4106-ADFC-641819678BC7}.Debug|x64.Build.0 = Debug|Any CPU
		{D6447E2B-04D0-4106-ADFC-641819678BC7}.Debug|x86.ActiveCfg = Debug|Any CPU
		{D6447E2B-04D0-4106-ADFC-641819678BC7}.Debug|x86.Build.0 = Debug|Any CPU
		{D6447E2B-04D0-4106-ADFC-641819678BC7}.Release|Any CPU.ActiveCfg = Release|Any CPU
		{D6447E2B-04D0-4106-ADFC-641819678BC7}.Release|Any CPU.Build.0 = Release|Any CPU
		{D6447E2B-04D0-4106-ADFC-641819678BC7}.Release|x64.ActiveCfg = Release|Any CPU
		{D6447E2B-04D0-4106-ADFC-641819678BC7}.Release|x64.Build.0 = Release|Any CPU
		{D6447E2B-04D0-4106-ADFC-641819678BC7}.Release|x86.ActiveCfg = Release|Any CPU
		{D6447E2B-04D0-4106-ADFC-641819678BC7}.Release|x86.Build.0 = Release|Any CPU
		{AB78AFC8-CD25-4CC3-94DB-FA8FD3DBBC2F}.Debug|Any CPU.ActiveCfg = Debug|Any CPU
		{AB78AFC8-CD25-4CC3-94DB-FA8FD3DBBC2F}.Debug|Any CPU.Build.0 = Debug|Any CPU
		{AB78AFC8-CD25-4CC3-94DB-FA8FD3DBBC2F}.Debug|x64.ActiveCfg = Debug|Any CPU
		{AB78AFC8-CD25-4CC3-94DB-FA8FD3DBBC2F}.Debug|x64.Build.0 = Debug|Any CPU
		{AB78AFC8-CD25-4CC3-94DB-FA8FD3DBBC2F}.Debug|x86.ActiveCfg = Debug|Any CPU
		{AB78AFC8-CD25-4CC3-94DB-FA8FD3DBBC2F}.Debug|x86.Build.0 = Debug|Any CPU
		{AB78AFC8-CD25-4CC3-94DB-FA8FD3DBBC2F}.Release|Any CPU.ActiveCfg = Release|Any CPU
		{AB78AFC8-CD25-4CC3-94DB-FA8FD3DBBC2F}.Release|Any CPU.Build.0 = Release|Any CPU
		{AB78AFC8-CD25-4CC3-94DB-FA8FD3DBBC2F}.Release|x64.ActiveCfg = Release|Any CPU
		{AB78AFC8-CD25-4CC3-94DB-FA8FD3DBBC2F}.Release|x64.Build.0 = Release|Any CPU
		{AB78AFC8-CD25-4CC3-94DB-FA8FD3DBBC2F}.Release|x86.ActiveCfg = Release|Any CPU
		{AB78AFC8-CD25-4CC3-94DB-FA8FD3DBBC2F}.Release|x86.Build.0 = Release|Any CPU
		{29FAF389-E25D-4018-B675-57FD05E62B1A}.Debug|Any CPU.ActiveCfg = Debug|Any CPU
		{29FAF389-E25D-4018-B675-57FD05E62B1A}.Debug|Any CPU.Build.0 = Debug|Any CPU
		{29FAF389-E25D-4018-B675-57FD05E62B1A}.Debug|x64.ActiveCfg = Debug|Any CPU
		{29FAF389-E25D-4018-B675-57FD05E62B1A}.Debug|x64.Build.0 = Debug|Any CPU
		{29FAF389-E25D-4018-B675-57FD05E62B1A}.Debug|x86.ActiveCfg = Debug|Any CPU
		{29FAF389-E25D-4018-B675-57FD05E62B1A}.Debug|x86.Build.0 = Debug|Any CPU
		{29FAF389-E25D-4018-B675-57FD05E62B1A}.Release|Any CPU.ActiveCfg = Release|Any CPU
		{29FAF389-E25D-4018-B675-57FD05E62B1A}.Release|Any CPU.Build.0 = Release|Any CPU
		{29FAF389-E25D-4018-B675-57FD05E62B1A}.Release|x64.ActiveCfg = Release|Any CPU
		{29FAF389-E25D-4018-B675-57FD05E62B1A}.Release|x64.Build.0 = Release|Any CPU
		{29FAF389-E25D-4018-B675-57FD05E62B1A}.Release|x86.ActiveCfg = Release|Any CPU
		{29FAF389-E25D-4018-B675-57FD05E62B1A}.Release|x86.Build.0 = Release|Any CPU
		{4F321F2B-E222-43A4-97BD-8B852EC9A036}.Debug|Any CPU.ActiveCfg = Debug|Any CPU
		{4F321F2B-E222-43A4-97BD-8B852EC9A036}.Debug|Any CPU.Build.0 = Debug|Any CPU
		{4F321F2B-E222-43A4-97BD-8B852EC9A036}.Debug|x64.ActiveCfg = Debug|Any CPU
		{4F321F2B-E222-43A4-97BD-8B852EC9A036}.Debug|x64.Build.0 = Debug|Any CPU
		{4F321F2B-E222-43A4-97BD-8B852EC9A036}.Debug|x86.ActiveCfg = Debug|Any CPU
		{4F321F2B-E222-43A4-97BD-8B852EC9A036}.Debug|x86.Build.0 = Debug|Any CPU
		{4F321F2B-E222-43A4-97BD-8B852EC9A036}.Release|Any CPU.ActiveCfg = Release|Any CPU
		{4F321F2B-E222-43A4-97BD-8B852EC9A036}.Release|Any CPU.Build.0 = Release|Any CPU
		{4F321F2B-E222-43A4-97BD-8B852EC9A036}.Release|x64.ActiveCfg = Release|Any CPU
		{4F321F2B-E222-43A4-97BD-8B852EC9A036}.Release|x64.Build.0 = Release|Any CPU
		{4F321F2B-E222-43A4-97BD-8B852EC9A036}.Release|x86.ActiveCfg = Release|Any CPU
		{4F321F2B-E222-43A4-97BD-8B852EC9A036}.Release|x86.Build.0 = Release|Any CPU
		{AA3E093D-9A5B-46DB-925F-B97089E827EF}.Debug|Any CPU.ActiveCfg = Debug|Any CPU
		{AA3E093D-9A5B-46DB-925F-B97089E827EF}.Debug|Any CPU.Build.0 = Debug|Any CPU
		{AA3E093D-9A5B-46DB-925F-B97089E827EF}.Debug|x64.ActiveCfg = Debug|Any CPU
		{AA3E093D-9A5B-46DB-925F-B97089E827EF}.Debug|x64.Build.0 = Debug|Any CPU
		{AA3E093D-9A5B-46DB-925F-B97089E827EF}.Debug|x86.ActiveCfg = Debug|Any CPU
		{AA3E093D-9A5B-46DB-925F-B97089E827EF}.Debug|x86.Build.0 = Debug|Any CPU
		{AA3E093D-9A5B-46DB-925F-B97089E827EF}.Release|Any CPU.ActiveCfg = Release|Any CPU
		{AA3E093D-9A5B-46DB-925F-B97089E827EF}.Release|Any CPU.Build.0 = Release|Any CPU
		{AA3E093D-9A5B-46DB-925F-B97089E827EF}.Release|x64.ActiveCfg = Release|Any CPU
		{AA3E093D-9A5B-46DB-925F-B97089E827EF}.Release|x64.Build.0 = Release|Any CPU
		{AA3E093D-9A5B-46DB-925F-B97089E827EF}.Release|x86.ActiveCfg = Release|Any CPU
		{AA3E093D-9A5B-46DB-925F-B97089E827EF}.Release|x86.Build.0 = Release|Any CPU
		{18413C7D-A03F-488F-A9C3-CC4D298E8C7C}.Debug|Any CPU.ActiveCfg = Debug|Any CPU
		{18413C7D-A03F-488F-A9C3-CC4D298E8C7C}.Debug|Any CPU.Build.0 = Debug|Any CPU
		{18413C7D-A03F-488F-A9C3-CC4D298E8C7C}.Debug|x64.ActiveCfg = Debug|Any CPU
		{18413C7D-A03F-488F-A9C3-CC4D298E8C7C}.Debug|x64.Build.0 = Debug|Any CPU
		{18413C7D-A03F-488F-A9C3-CC4D298E8C7C}.Debug|x86.ActiveCfg = Debug|Any CPU
		{18413C7D-A03F-488F-A9C3-CC4D298E8C7C}.Debug|x86.Build.0 = Debug|Any CPU
		{18413C7D-A03F-488F-A9C3-CC4D298E8C7C}.Release|Any CPU.ActiveCfg = Release|Any CPU
		{18413C7D-A03F-488F-A9C3-CC4D298E8C7C}.Release|Any CPU.Build.0 = Release|Any CPU
		{18413C7D-A03F-488F-A9C3-CC4D298E8C7C}.Release|x64.ActiveCfg = Release|Any CPU
		{18413C7D-A03F-488F-A9C3-CC4D298E8C7C}.Release|x64.Build.0 = Release|Any CPU
		{18413C7D-A03F-488F-A9C3-CC4D298E8C7C}.Release|x86.ActiveCfg = Release|Any CPU
		{18413C7D-A03F-488F-A9C3-CC4D298E8C7C}.Release|x86.Build.0 = Release|Any CPU
		{B231045D-D672-4334-8CDF-3943DD60654C}.Debug|Any CPU.ActiveCfg = Debug|Any CPU
		{B231045D-D672-4334-8CDF-3943DD60654C}.Debug|Any CPU.Build.0 = Debug|Any CPU
		{B231045D-D672-4334-8CDF-3943DD60654C}.Debug|x64.ActiveCfg = Debug|Any CPU
		{B231045D-D672-4334-8CDF-3943DD60654C}.Debug|x64.Build.0 = Debug|Any CPU
		{B231045D-D672-4334-8CDF-3943DD60654C}.Debug|x86.ActiveCfg = Debug|Any CPU
		{B231045D-D672-4334-8CDF-3943DD60654C}.Debug|x86.Build.0 = Debug|Any CPU
		{B231045D-D672-4334-8CDF-3943DD60654C}.Release|Any CPU.ActiveCfg = Release|Any CPU
		{B231045D-D672-4334-8CDF-3943DD60654C}.Release|Any CPU.Build.0 = Release|Any CPU
		{B231045D-D672-4334-8CDF-3943DD60654C}.Release|x64.ActiveCfg = Release|Any CPU
		{B231045D-D672-4334-8CDF-3943DD60654C}.Release|x64.Build.0 = Release|Any CPU
		{B231045D-D672-4334-8CDF-3943DD60654C}.Release|x86.ActiveCfg = Release|Any CPU
		{B231045D-D672-4334-8CDF-3943DD60654C}.Release|x86.Build.0 = Release|Any CPU
		{70082772-FA36-44EA-96AC-8989E4F82D4E}.Debug|Any CPU.ActiveCfg = Debug|Any CPU
		{70082772-FA36-44EA-96AC-8989E4F82D4E}.Debug|Any CPU.Build.0 = Debug|Any CPU
		{70082772-FA36-44EA-96AC-8989E4F82D4E}.Debug|x64.ActiveCfg = Debug|Any CPU
		{70082772-FA36-44EA-96AC-8989E4F82D4E}.Debug|x64.Build.0 = Debug|Any CPU
		{70082772-FA36-44EA-96AC-8989E4F82D4E}.Debug|x86.ActiveCfg = Debug|Any CPU
		{70082772-FA36-44EA-96AC-8989E4F82D4E}.Debug|x86.Build.0 = Debug|Any CPU
		{70082772-FA36-44EA-96AC-8989E4F82D4E}.Release|Any CPU.ActiveCfg = Release|Any CPU
		{70082772-FA36-44EA-96AC-8989E4F82D4E}.Release|Any CPU.Build.0 = Release|Any CPU
		{70082772-FA36-44EA-96AC-8989E4F82D4E}.Release|x64.ActiveCfg = Release|Any CPU
		{70082772-FA36-44EA-96AC-8989E4F82D4E}.Release|x64.Build.0 = Release|Any CPU
		{70082772-FA36-44EA-96AC-8989E4F82D4E}.Release|x86.ActiveCfg = Release|Any CPU
		{70082772-FA36-44EA-96AC-8989E4F82D4E}.Release|x86.Build.0 = Release|Any CPU
		{44A7D68F-5371-4923-9FF9-2A238532A046}.Debug|Any CPU.ActiveCfg = Debug|Any CPU
		{44A7D68F-5371-4923-9FF9-2A238532A046}.Debug|Any CPU.Build.0 = Debug|Any CPU
		{44A7D68F-5371-4923-9FF9-2A238532A046}.Debug|x64.ActiveCfg = Debug|Any CPU
		{44A7D68F-5371-4923-9FF9-2A238532A046}.Debug|x64.Build.0 = Debug|Any CPU
		{44A7D68F-5371-4923-9FF9-2A238532A046}.Debug|x86.ActiveCfg = Debug|Any CPU
		{44A7D68F-5371-4923-9FF9-2A238532A046}.Debug|x86.Build.0 = Debug|Any CPU
		{44A7D68F-5371-4923-9FF9-2A238532A046}.Release|Any CPU.ActiveCfg = Release|Any CPU
		{44A7D68F-5371-4923-9FF9-2A238532A046}.Release|Any CPU.Build.0 = Release|Any CPU
		{44A7D68F-5371-4923-9FF9-2A238532A046}.Release|x64.ActiveCfg = Release|Any CPU
		{44A7D68F-5371-4923-9FF9-2A238532A046}.Release|x64.Build.0 = Release|Any CPU
		{44A7D68F-5371-4923-9FF9-2A238532A046}.Release|x86.ActiveCfg = Release|Any CPU
		{44A7D68F-5371-4923-9FF9-2A238532A046}.Release|x86.Build.0 = Release|Any CPU
		{D00711E7-48B2-4E85-91C5-EEC99C9FEB6B}.Debug|Any CPU.ActiveCfg = Debug|Any CPU
		{D00711E7-48B2-4E85-91C5-EEC99C9FEB6B}.Debug|Any CPU.Build.0 = Debug|Any CPU
		{D00711E7-48B2-4E85-91C5-EEC99C9FEB6B}.Debug|x64.ActiveCfg = Debug|Any CPU
		{D00711E7-48B2-4E85-91C5-EEC99C9FEB6B}.Debug|x64.Build.0 = Debug|Any CPU
		{D00711E7-48B2-4E85-91C5-EEC99C9FEB6B}.Debug|x86.ActiveCfg = Debug|Any CPU
		{D00711E7-48B2-4E85-91C5-EEC99C9FEB6B}.Debug|x86.Build.0 = Debug|Any CPU
		{D00711E7-48B2-4E85-91C5-EEC99C9FEB6B}.Release|Any CPU.ActiveCfg = Release|Any CPU
		{D00711E7-48B2-4E85-91C5-EEC99C9FEB6B}.Release|Any CPU.Build.0 = Release|Any CPU
		{D00711E7-48B2-4E85-91C5-EEC99C9FEB6B}.Release|x64.ActiveCfg = Release|Any CPU
		{D00711E7-48B2-4E85-91C5-EEC99C9FEB6B}.Release|x64.Build.0 = Release|Any CPU
		{D00711E7-48B2-4E85-91C5-EEC99C9FEB6B}.Release|x86.ActiveCfg = Release|Any CPU
		{D00711E7-48B2-4E85-91C5-EEC99C9FEB6B}.Release|x86.Build.0 = Release|Any CPU
		{CD66955B-7185-4278-88DD-BA876662AC58}.Debug|Any CPU.ActiveCfg = Debug|Any CPU
		{CD66955B-7185-4278-88DD-BA876662AC58}.Debug|Any CPU.Build.0 = Debug|Any CPU
		{CD66955B-7185-4278-88DD-BA876662AC58}.Debug|x64.ActiveCfg = Debug|Any CPU
		{CD66955B-7185-4278-88DD-BA876662AC58}.Debug|x64.Build.0 = Debug|Any CPU
		{CD66955B-7185-4278-88DD-BA876662AC58}.Debug|x86.ActiveCfg = Debug|Any CPU
		{CD66955B-7185-4278-88DD-BA876662AC58}.Debug|x86.Build.0 = Debug|Any CPU
		{CD66955B-7185-4278-88DD-BA876662AC58}.Release|Any CPU.ActiveCfg = Release|Any CPU
		{CD66955B-7185-4278-88DD-BA876662AC58}.Release|Any CPU.Build.0 = Release|Any CPU
		{CD66955B-7185-4278-88DD-BA876662AC58}.Release|x64.ActiveCfg = Release|Any CPU
		{CD66955B-7185-4278-88DD-BA876662AC58}.Release|x64.Build.0 = Release|Any CPU
		{CD66955B-7185-4278-88DD-BA876662AC58}.Release|x86.ActiveCfg = Release|Any CPU
		{CD66955B-7185-4278-88DD-BA876662AC58}.Release|x86.Build.0 = Release|Any CPU
		{B7AAF2C0-D865-4B49-ABFD-CB6120487F2D}.Debug|Any CPU.ActiveCfg = Debug|Any CPU
		{B7AAF2C0-D865-4B49-ABFD-CB6120487F2D}.Debug|Any CPU.Build.0 = Debug|Any CPU
		{B7AAF2C0-D865-4B49-ABFD-CB6120487F2D}.Debug|x64.ActiveCfg = Debug|Any CPU
		{B7AAF2C0-D865-4B49-ABFD-CB6120487F2D}.Debug|x64.Build.0 = Debug|Any CPU
		{B7AAF2C0-D865-4B49-ABFD-CB6120487F2D}.Debug|x86.ActiveCfg = Debug|Any CPU
		{B7AAF2C0-D865-4B49-ABFD-CB6120487F2D}.Debug|x86.Build.0 = Debug|Any CPU
		{B7AAF2C0-D865-4B49-ABFD-CB6120487F2D}.Release|Any CPU.ActiveCfg = Release|Any CPU
		{B7AAF2C0-D865-4B49-ABFD-CB6120487F2D}.Release|Any CPU.Build.0 = Release|Any CPU
		{B7AAF2C0-D865-4B49-ABFD-CB6120487F2D}.Release|x64.ActiveCfg = Release|Any CPU
		{B7AAF2C0-D865-4B49-ABFD-CB6120487F2D}.Release|x64.Build.0 = Release|Any CPU
		{B7AAF2C0-D865-4B49-ABFD-CB6120487F2D}.Release|x86.ActiveCfg = Release|Any CPU
		{B7AAF2C0-D865-4B49-ABFD-CB6120487F2D}.Release|x86.Build.0 = Release|Any CPU
		{870F877B-EB1C-498A-909B-CF83C15EB9DD}.Debug|Any CPU.ActiveCfg = Debug|Any CPU
		{870F877B-EB1C-498A-909B-CF83C15EB9DD}.Debug|Any CPU.Build.0 = Debug|Any CPU
		{870F877B-EB1C-498A-909B-CF83C15EB9DD}.Debug|x64.ActiveCfg = Debug|Any CPU
		{870F877B-EB1C-498A-909B-CF83C15EB9DD}.Debug|x64.Build.0 = Debug|Any CPU
		{870F877B-EB1C-498A-909B-CF83C15EB9DD}.Debug|x86.ActiveCfg = Debug|Any CPU
		{870F877B-EB1C-498A-909B-CF83C15EB9DD}.Debug|x86.Build.0 = Debug|Any CPU
		{870F877B-EB1C-498A-909B-CF83C15EB9DD}.Release|Any CPU.ActiveCfg = Release|Any CPU
		{870F877B-EB1C-498A-909B-CF83C15EB9DD}.Release|Any CPU.Build.0 = Release|Any CPU
		{870F877B-EB1C-498A-909B-CF83C15EB9DD}.Release|x64.ActiveCfg = Release|Any CPU
		{870F877B-EB1C-498A-909B-CF83C15EB9DD}.Release|x64.Build.0 = Release|Any CPU
		{870F877B-EB1C-498A-909B-CF83C15EB9DD}.Release|x86.ActiveCfg = Release|Any CPU
		{870F877B-EB1C-498A-909B-CF83C15EB9DD}.Release|x86.Build.0 = Release|Any CPU
		{ED39ABEE-0686-402A-AAD9-626637E97F83}.Debug|Any CPU.ActiveCfg = Debug|Any CPU
		{ED39ABEE-0686-402A-AAD9-626637E97F83}.Debug|Any CPU.Build.0 = Debug|Any CPU
		{ED39ABEE-0686-402A-AAD9-626637E97F83}.Debug|x64.ActiveCfg = Debug|Any CPU
		{ED39ABEE-0686-402A-AAD9-626637E97F83}.Debug|x64.Build.0 = Debug|Any CPU
		{ED39ABEE-0686-402A-AAD9-626637E97F83}.Debug|x86.ActiveCfg = Debug|Any CPU
		{ED39ABEE-0686-402A-AAD9-626637E97F83}.Debug|x86.Build.0 = Debug|Any CPU
		{ED39ABEE-0686-402A-AAD9-626637E97F83}.Release|Any CPU.ActiveCfg = Release|Any CPU
		{ED39ABEE-0686-402A-AAD9-626637E97F83}.Release|Any CPU.Build.0 = Release|Any CPU
		{ED39ABEE-0686-402A-AAD9-626637E97F83}.Release|x64.ActiveCfg = Release|Any CPU
		{ED39ABEE-0686-402A-AAD9-626637E97F83}.Release|x64.Build.0 = Release|Any CPU
		{ED39ABEE-0686-402A-AAD9-626637E97F83}.Release|x86.ActiveCfg = Release|Any CPU
		{ED39ABEE-0686-402A-AAD9-626637E97F83}.Release|x86.Build.0 = Release|Any CPU
		{F85BDFCC-A352-458A-93BE-E7B0B28E92FE}.Debug|Any CPU.ActiveCfg = Debug|Any CPU
		{F85BDFCC-A352-458A-93BE-E7B0B28E92FE}.Debug|Any CPU.Build.0 = Debug|Any CPU
		{F85BDFCC-A352-458A-93BE-E7B0B28E92FE}.Debug|x64.ActiveCfg = Debug|Any CPU
		{F85BDFCC-A352-458A-93BE-E7B0B28E92FE}.Debug|x64.Build.0 = Debug|Any CPU
		{F85BDFCC-A352-458A-93BE-E7B0B28E92FE}.Debug|x86.ActiveCfg = Debug|Any CPU
		{F85BDFCC-A352-458A-93BE-E7B0B28E92FE}.Debug|x86.Build.0 = Debug|Any CPU
		{F85BDFCC-A352-458A-93BE-E7B0B28E92FE}.Release|Any CPU.ActiveCfg = Release|Any CPU
		{F85BDFCC-A352-458A-93BE-E7B0B28E92FE}.Release|Any CPU.Build.0 = Release|Any CPU
		{F85BDFCC-A352-458A-93BE-E7B0B28E92FE}.Release|x64.ActiveCfg = Release|Any CPU
		{F85BDFCC-A352-458A-93BE-E7B0B28E92FE}.Release|x64.Build.0 = Release|Any CPU
		{F85BDFCC-A352-458A-93BE-E7B0B28E92FE}.Release|x86.ActiveCfg = Release|Any CPU
		{F85BDFCC-A352-458A-93BE-E7B0B28E92FE}.Release|x86.Build.0 = Release|Any CPU
		{9CBEFB17-DEFA-4646-9B4B-AFA07B50ACB1}.Debug|Any CPU.ActiveCfg = Debug|Any CPU
		{9CBEFB17-DEFA-4646-9B4B-AFA07B50ACB1}.Debug|Any CPU.Build.0 = Debug|Any CPU
		{9CBEFB17-DEFA-4646-9B4B-AFA07B50ACB1}.Debug|x64.ActiveCfg = Debug|Any CPU
		{9CBEFB17-DEFA-4646-9B4B-AFA07B50ACB1}.Debug|x64.Build.0 = Debug|Any CPU
		{9CBEFB17-DEFA-4646-9B4B-AFA07B50ACB1}.Debug|x86.ActiveCfg = Debug|Any CPU
		{9CBEFB17-DEFA-4646-9B4B-AFA07B50ACB1}.Debug|x86.Build.0 = Debug|Any CPU
		{9CBEFB17-DEFA-4646-9B4B-AFA07B50ACB1}.Release|Any CPU.ActiveCfg = Release|Any CPU
		{9CBEFB17-DEFA-4646-9B4B-AFA07B50ACB1}.Release|Any CPU.Build.0 = Release|Any CPU
		{9CBEFB17-DEFA-4646-9B4B-AFA07B50ACB1}.Release|x64.ActiveCfg = Release|Any CPU
		{9CBEFB17-DEFA-4646-9B4B-AFA07B50ACB1}.Release|x64.Build.0 = Release|Any CPU
		{9CBEFB17-DEFA-4646-9B4B-AFA07B50ACB1}.Release|x86.ActiveCfg = Release|Any CPU
		{9CBEFB17-DEFA-4646-9B4B-AFA07B50ACB1}.Release|x86.Build.0 = Release|Any CPU
		{38E3DC2D-8747-4965-A919-15A1F84070AF}.Debug|Any CPU.ActiveCfg = Debug|Any CPU
		{38E3DC2D-8747-4965-A919-15A1F84070AF}.Debug|Any CPU.Build.0 = Debug|Any CPU
		{38E3DC2D-8747-4965-A919-15A1F84070AF}.Debug|x64.ActiveCfg = Debug|Any CPU
		{38E3DC2D-8747-4965-A919-15A1F84070AF}.Debug|x64.Build.0 = Debug|Any CPU
		{38E3DC2D-8747-4965-A919-15A1F84070AF}.Debug|x86.ActiveCfg = Debug|Any CPU
		{38E3DC2D-8747-4965-A919-15A1F84070AF}.Debug|x86.Build.0 = Debug|Any CPU
		{38E3DC2D-8747-4965-A919-15A1F84070AF}.Release|Any CPU.ActiveCfg = Release|Any CPU
		{38E3DC2D-8747-4965-A919-15A1F84070AF}.Release|Any CPU.Build.0 = Release|Any CPU
		{38E3DC2D-8747-4965-A919-15A1F84070AF}.Release|x64.ActiveCfg = Release|Any CPU
		{38E3DC2D-8747-4965-A919-15A1F84070AF}.Release|x64.Build.0 = Release|Any CPU
		{38E3DC2D-8747-4965-A919-15A1F84070AF}.Release|x86.ActiveCfg = Release|Any CPU
		{38E3DC2D-8747-4965-A919-15A1F84070AF}.Release|x86.Build.0 = Release|Any CPU
	EndGlobalSection
	GlobalSection(SolutionProperties) = preSolution
		HideSolutionNode = FALSE
	EndGlobalSection
	GlobalSection(NestedProjects) = preSolution
		{6306A8FB-679E-111F-6585-8F70E0EE6013} = {827E0CD3-B72D-47B6-A68D-7590B98EB39B}
		{60DCA510-7777-476A-B609-BCEC8C42E029} = {6306A8FB-679E-111F-6585-8F70E0EE6013}
		{02586A09-53D7-4E9F-AE58-BAA8DF6B1EB8} = {0AB3BF05-4346-4AA6-1389-037BE0695223}
		{90298CBA-BD6F-3A0A-69D5-97CAD7B05E7E} = {827E0CD3-B72D-47B6-A68D-7590B98EB39B}
		{6A36946C-4F06-BE70-24E6-0B0F125A7F9F} = {90298CBA-BD6F-3A0A-69D5-97CAD7B05E7E}
		{4417E037-F7AF-444B-8C4D-85D9BF320ECF} = {6A36946C-4F06-BE70-24E6-0B0F125A7F9F}
		{A7446B4C-3630-9B3B-F288-1F78CD1B2B87} = {90298CBA-BD6F-3A0A-69D5-97CAD7B05E7E}
		{E5486A8C-7AFD-4049-A1EA-0EBFD18500DD} = {A7446B4C-3630-9B3B-F288-1F78CD1B2B87}
		{FE5F7021-A3C9-35C7-FF50-8DA81625868E} = {827E0CD3-B72D-47B6-A68D-7590B98EB39B}
		{BC621943-499F-DCA9-C920-031DEEC1DB99} = {FE5F7021-A3C9-35C7-FF50-8DA81625868E}
		{BC1E83B3-1B01-4FA2-8D49-8C4F5AAC8DA6} = {BC621943-499F-DCA9-C920-031DEEC1DB99}
		{984BB9B3-3FA3-BE33-9484-CAC21695A33C} = {827E0CD3-B72D-47B6-A68D-7590B98EB39B}
		{5D0AC027-C8EE-3244-A029-36278C99F1B8} = {984BB9B3-3FA3-BE33-9484-CAC21695A33C}
		{F89364DE-0FA5-77E9-4D1B-9322DFCA9B79} = {5D0AC027-C8EE-3244-A029-36278C99F1B8}
		{0D15676F-D8B2-497F-B986-5D0EF8A2CBD8} = {F89364DE-0FA5-77E9-4D1B-9322DFCA9B79}
		{82BEEF70-31B6-4441-2319-CB58A50520B0} = {5D0AC027-C8EE-3244-A029-36278C99F1B8}
		{70602C55-2799-4747-B333-1801794C7CDF} = {82BEEF70-31B6-4441-2319-CB58A50520B0}
		{EBFE1689-20F9-E882-5617-95BFAA243175} = {5D0AC027-C8EE-3244-A029-36278C99F1B8}
		{6FEF6C0B-D364-4DA5-9135-ACE2825C555F} = {EBFE1689-20F9-E882-5617-95BFAA243175}
		{8F173CA6-8118-6941-6F9F-F84BAA22F68C} = {5D0AC027-C8EE-3244-A029-36278C99F1B8}
		{652CD49F-BB89-4C46-864C-6B421BAC3532} = {8F173CA6-8118-6941-6F9F-F84BAA22F68C}
		{1BFC9479-12BF-35C3-06B8-42D89D95092B} = {984BB9B3-3FA3-BE33-9484-CAC21695A33C}
		{D684364B-7378-6B54-42D8-7540C883410F} = {1BFC9479-12BF-35C3-06B8-42D89D95092B}
		{D5F8E9A9-2251-40FD-9E0F-D26D3810000E} = {D684364B-7378-6B54-42D8-7540C883410F}
		{D83CE929-A7DD-3FAB-BDB5-398CFF356717} = {1BFC9479-12BF-35C3-06B8-42D89D95092B}
		{8AD889D9-D176-4D86-96FE-831499B9AC42} = {D83CE929-A7DD-3FAB-BDB5-398CFF356717}
		{4461741E-58B8-0DEB-82DE-AECBEEE2F40F} = {1BFC9479-12BF-35C3-06B8-42D89D95092B}
		{08EDF24C-784B-46F8-B528-4AD45CEB6225} = {4461741E-58B8-0DEB-82DE-AECBEEE2F40F}
		{C591615F-7156-BEF8-CD8C-A10C590AB593} = {1BFC9479-12BF-35C3-06B8-42D89D95092B}
		{A4722B7D-D714-49E8-89F2-89B09DAEE19E} = {C591615F-7156-BEF8-CD8C-A10C590AB593}
		{C91C1CF1-1625-0789-F869-53D87D6277BA} = {984BB9B3-3FA3-BE33-9484-CAC21695A33C}
		{583F9C51-22B8-59F5-4A60-045B52DD079E} = {C91C1CF1-1625-0789-F869-53D87D6277BA}
		{00260DE1-615D-417A-B858-AD2011ABA029} = {583F9C51-22B8-59F5-4A60-045B52DD079E}
		{BF5A1016-ABC2-D2A3-BFAF-5FF6EA802379} = {C91C1CF1-1625-0789-F869-53D87D6277BA}
		{8BDB30B0-A8A1-40F1-8282-34CC203B127C} = {BF5A1016-ABC2-D2A3-BFAF-5FF6EA802379}
		{6D1EC732-A1A3-C21E-B338-929C5E6D2DAD} = {C91C1CF1-1625-0789-F869-53D87D6277BA}
		{3A985B17-D342-45C4-AAA6-FA0479E12E92} = {6D1EC732-A1A3-C21E-B338-929C5E6D2DAD}
		{184AFDE9-546E-C3E2-DE43-F0DBE0CAA80E} = {C91C1CF1-1625-0789-F869-53D87D6277BA}
		{43D19BDF-49BA-4A5F-8F4A-E09453C3E3B3} = {184AFDE9-546E-C3E2-DE43-F0DBE0CAA80E}
		{0194355B-C2D2-F4B0-B2EC-67C0A47B9BA5} = {984BB9B3-3FA3-BE33-9484-CAC21695A33C}
		{46EE0E95-A468-5DF2-9381-789F5794BB46} = {0194355B-C2D2-F4B0-B2EC-67C0A47B9BA5}
		{E1291AB1-3A8C-4E3F-AEC4-4B74897B2EDB} = {46EE0E95-A468-5DF2-9381-789F5794BB46}
		{3E4CE812-5E2F-E55F-BC1D-6CAB83BB64D6} = {0194355B-C2D2-F4B0-B2EC-67C0A47B9BA5}
		{0915E28E-F1D9-4B8E-BF7F-025AF8028C81} = {3E4CE812-5E2F-E55F-BC1D-6CAB83BB64D6}
		{C754538D-B69B-B05B-8D8C-BF86AE94ABEA} = {0194355B-C2D2-F4B0-B2EC-67C0A47B9BA5}
		{7E770701-55F6-448E-8081-8BC4CE09CF8D} = {C754538D-B69B-B05B-8D8C-BF86AE94ABEA}
		{1ED16CAF-E843-D8B0-88C9-8CA728009948} = {0194355B-C2D2-F4B0-B2EC-67C0A47B9BA5}
		{760DC06F-1ADA-4A63-B02E-0FDAAED07573} = {1ED16CAF-E843-D8B0-88C9-8CA728009948}
		{F1BAE7BC-C819-1AEF-AB0B-2CF27A1DF674} = {984BB9B3-3FA3-BE33-9484-CAC21695A33C}
		{6DB8E74F-0079-CAB7-CC32-52E2313D1CCB} = {F1BAE7BC-C819-1AEF-AB0B-2CF27A1DF674}
		{4C0DAB08-0F5E-40BA-9410-7A58DDC2BE2D} = {6DB8E74F-0079-CAB7-CC32-52E2313D1CCB}
		{DE2E5FE5-6069-ED75-631A-C3FFDC607460} = {F1BAE7BC-C819-1AEF-AB0B-2CF27A1DF674}
		{DBA77D53-19BC-46B0-B9C2-44A11530E159} = {DE2E5FE5-6069-ED75-631A-C3FFDC607460}
		{22154B54-FEC3-A439-3260-74B4FD3F5D81} = {F1BAE7BC-C819-1AEF-AB0B-2CF27A1DF674}
		{1324BBED-5530-4084-9B08-8075E3CF3988} = {22154B54-FEC3-A439-3260-74B4FD3F5D81}
		{CF950183-64F4-9CC7-9B78-2BE40D514519} = {F1BAE7BC-C819-1AEF-AB0B-2CF27A1DF674}
		{910644A5-8A33-4E5F-9955-9259394A0574} = {CF950183-64F4-9CC7-9B78-2BE40D514519}
		{D3BAB01C-7F3F-8576-96BE-8BE70C9B9915} = {984BB9B3-3FA3-BE33-9484-CAC21695A33C}
		{E80921A1-61BA-357D-5A33-97B6585B306B} = {D3BAB01C-7F3F-8576-96BE-8BE70C9B9915}
		{3D849EA5-E286-4E74-85BF-63B03365ED44} = {E80921A1-61BA-357D-5A33-97B6585B306B}
		{FFFC64AD-AE35-1DBE-CFB0-24F91D0538C1} = {D3BAB01C-7F3F-8576-96BE-8BE70C9B9915}
		{A4590EBB-2DAE-45C8-9E28-125A84F6CFB0} = {FFFC64AD-AE35-1DBE-CFB0-24F91D0538C1}
		{79AA122C-C375-2C33-D1EF-908AD48FE00B} = {D3BAB01C-7F3F-8576-96BE-8BE70C9B9915}
		{0AA35A00-874C-4CE1-A34A-CD24DD3C7C83} = {79AA122C-C375-2C33-D1EF-908AD48FE00B}
		{20E77641-7244-5A92-CE85-6DFAB8CFAA7F} = {D3BAB01C-7F3F-8576-96BE-8BE70C9B9915}
		{5D47A66E-D9EB-4E8F-9301-212B79853FDA} = {20E77641-7244-5A92-CE85-6DFAB8CFAA7F}
		{9787BF88-EEEB-1624-8357-14EC64727FE2} = {827E0CD3-B72D-47B6-A68D-7590B98EB39B}
		{7CE9C528-A119-4A93-9F1C-015C959E3623} = {9787BF88-EEEB-1624-8357-14EC64727FE2}
		{778427DF-EB2C-5228-964E-6D535DE253CA} = {827E0CD3-B72D-47B6-A68D-7590B98EB39B}
		{AB47AD4C-E1ED-4628-BE84-58FB1A268138} = {778427DF-EB2C-5228-964E-6D535DE253CA}
		{50F6C95A-59EF-A6FC-E696-D42D1AC47E06} = {984BB9B3-3FA3-BE33-9484-CAC21695A33C}
		{2A67BD6F-9E5D-6DE6-8AD0-829853A0D63D} = {50F6C95A-59EF-A6FC-E696-D42D1AC47E06}
		{FADAC5C0-70C6-41E2-842C-7CCBB5BF0D02} = {2A67BD6F-9E5D-6DE6-8AD0-829853A0D63D}
		{F8765A69-624C-7604-213A-6713ABBDF9A2} = {50F6C95A-59EF-A6FC-E696-D42D1AC47E06}
		{0D9B15B4-9CBD-445D-8801-D33F1ABCF631} = {F8765A69-624C-7604-213A-6713ABBDF9A2}
		{B7E01652-F4A1-A361-2DE9-8E79C5B1CE4B} = {50F6C95A-59EF-A6FC-E696-D42D1AC47E06}
		{3A6152E4-2665-4C75-B1F1-77022E76714E} = {B7E01652-F4A1-A361-2DE9-8E79C5B1CE4B}
		{B5455800-0582-D81A-7391-67D1E7952494} = {50F6C95A-59EF-A6FC-E696-D42D1AC47E06}
		{3043EBF8-A673-4E1E-AEF5-9F5DF69403E5} = {B5455800-0582-D81A-7391-67D1E7952494}
		{D43F0B80-E7AE-DC60-2BD2-4721592D9EBE} = {827E0CD3-B72D-47B6-A68D-7590B98EB39B}
		{D6447E2B-04D0-4106-ADFC-641819678BC7} = {D43F0B80-E7AE-DC60-2BD2-4721592D9EBE}
		{9E6C1F83-4A47-F979-1190-DDAB46FA7598} = {984BB9B3-3FA3-BE33-9484-CAC21695A33C}
		{97557A36-5625-31CE-EA2F-C0748AE807BE} = {9E6C1F83-4A47-F979-1190-DDAB46FA7598}
		{AB78AFC8-CD25-4CC3-94DB-FA8FD3DBBC2F} = {97557A36-5625-31CE-EA2F-C0748AE807BE}
		{907B80F3-749C-BCE4-0817-766BF4A97374} = {9E6C1F83-4A47-F979-1190-DDAB46FA7598}
		{29FAF389-E25D-4018-B675-57FD05E62B1A} = {907B80F3-749C-BCE4-0817-766BF4A97374}
		{C6103462-E8E4-AF52-89C9-A2155833123D} = {9E6C1F83-4A47-F979-1190-DDAB46FA7598}
		{4F321F2B-E222-43A4-97BD-8B852EC9A036} = {C6103462-E8E4-AF52-89C9-A2155833123D}
		{4A527F3D-983C-9D91-84AB-9B41D1D45934} = {9E6C1F83-4A47-F979-1190-DDAB46FA7598}
		{AA3E093D-9A5B-46DB-925F-B97089E827EF} = {4A527F3D-983C-9D91-84AB-9B41D1D45934}
		{629250A2-4DA8-8A63-B4B9-ABC581507B44} = {984BB9B3-3FA3-BE33-9484-CAC21695A33C}
		{55D153D8-E7F8-6814-B892-3758F7F51162} = {629250A2-4DA8-8A63-B4B9-ABC581507B44}
		{18413C7D-A03F-488F-A9C3-CC4D298E8C7C} = {55D153D8-E7F8-6814-B892-3758F7F51162}
		{58965C0C-993A-EE45-E714-DF9E85BC7914} = {629250A2-4DA8-8A63-B4B9-ABC581507B44}
		{B231045D-D672-4334-8CDF-3943DD60654C} = {58965C0C-993A-EE45-E714-DF9E85BC7914}
		{3FADC15C-D89E-B921-2B60-635DABAE2668} = {629250A2-4DA8-8A63-B4B9-ABC581507B44}
		{70082772-FA36-44EA-96AC-8989E4F82D4E} = {3FADC15C-D89E-B921-2B60-635DABAE2668}
		{FF6650B5-30D0-1EA4-2AEA-7EBA1134362C} = {629250A2-4DA8-8A63-B4B9-ABC581507B44}
		{44A7D68F-5371-4923-9FF9-2A238532A046} = {FF6650B5-30D0-1EA4-2AEA-7EBA1134362C}
		{92F42DAB-CD95-DEFE-A96E-37B7027D6435} = {984BB9B3-3FA3-BE33-9484-CAC21695A33C}
		{BDFEEA0A-C293-3518-FE77-8A2554E6467D} = {92F42DAB-CD95-DEFE-A96E-37B7027D6435}
		{D00711E7-48B2-4E85-91C5-EEC99C9FEB6B} = {BDFEEA0A-C293-3518-FE77-8A2554E6467D}
		{C1FA02B0-258B-5349-5582-89CF77091508} = {92F42DAB-CD95-DEFE-A96E-37B7027D6435}
		{CD66955B-7185-4278-88DD-BA876662AC58} = {C1FA02B0-258B-5349-5582-89CF77091508}
		{7C9777F9-698F-4EFC-E8FD-C652B4FFC4A5} = {92F42DAB-CD95-DEFE-A96E-37B7027D6435}
		{B7AAF2C0-D865-4B49-ABFD-CB6120487F2D} = {7C9777F9-698F-4EFC-E8FD-C652B4FFC4A5}
		{F9D45AE0-0B32-0FD4-061D-CB632840D4E4} = {92F42DAB-CD95-DEFE-A96E-37B7027D6435}
		{870F877B-EB1C-498A-909B-CF83C15EB9DD} = {F9D45AE0-0B32-0FD4-061D-CB632840D4E4}
		{A4401965-5809-5141-2D9E-29A141B8CC83} = {984BB9B3-3FA3-BE33-9484-CAC21695A33C}
		{065B88EF-B5E8-173D-01EE-2809D057658C} = {A4401965-5809-5141-2D9E-29A141B8CC83}
		{ED39ABEE-0686-402A-AAD9-626637E97F83} = {065B88EF-B5E8-173D-01EE-2809D057658C}
		{1F1C1E5C-5998-6373-8A5B-772058E937CD} = {A4401965-5809-5141-2D9E-29A141B8CC83}
		{F85BDFCC-A352-458A-93BE-E7B0B28E92FE} = {1F1C1E5C-5998-6373-8A5B-772058E937CD}
		{8048097A-0F4F-C58D-4081-4D2BBB2ACF36} = {A4401965-5809-5141-2D9E-29A141B8CC83}
		{9CBEFB17-DEFA-4646-9B4B-AFA07B50ACB1} = {8048097A-0F4F-C58D-4081-4D2BBB2ACF36}
		{750D5402-8EAA-2223-9AD7-01C5CB8DA5E3} = {A4401965-5809-5141-2D9E-29A141B8CC83}
		{38E3DC2D-8747-4965-A919-15A1F84070AF} = {750D5402-8EAA-2223-9AD7-01C5CB8DA5E3}
	EndGlobalSection
EndGlobal
